// !$*UTF8*$!
{
	archiveVersion = 1;
	classes = {
	};
	objectVersion = 53;
	objects = {

/* Begin PBXBuildFile section */
		9B153C842856239400D19E74 /* AboutPage.swift in Sources */ = {isa = PBXBuildFile; fileRef = 9B153C832856239400D19E74 /* AboutPage.swift */; };
		9B153C852856239400D19E74 /* AboutPage.swift in Sources */ = {isa = PBXBuildFile; fileRef = 9B153C832856239400D19E74 /* AboutPage.swift */; };
		9B153D8D285C468800D19E74 /* HandsColorThemeView.swift in Sources */ = {isa = PBXBuildFile; fileRef = 9B153D8C285C468800D19E74 /* HandsColorThemeView.swift */; };
		9B153D8E285C468800D19E74 /* HandsColorThemeView.swift in Sources */ = {isa = PBXBuildFile; fileRef = 9B153D8C285C468800D19E74 /* HandsColorThemeView.swift */; };
		9B18A1B62849D704001F1EA2 /* DayCalendarView.swift in Sources */ = {isa = PBXBuildFile; fileRef = 9B18A1B52849D704001F1EA2 /* DayCalendarView.swift */; };
		9B18A1B72849D704001F1EA2 /* DayCalendarView.swift in Sources */ = {isa = PBXBuildFile; fileRef = 9B18A1B52849D704001F1EA2 /* DayCalendarView.swift */; };
		9B18A1B92849DA0A001F1EA2 /* CalendarUpperBar.swift in Sources */ = {isa = PBXBuildFile; fileRef = 9B18A1B82849DA0A001F1EA2 /* CalendarUpperBar.swift */; };
		9B18A1BA2849DA0A001F1EA2 /* CalendarUpperBar.swift in Sources */ = {isa = PBXBuildFile; fileRef = 9B18A1B82849DA0A001F1EA2 /* CalendarUpperBar.swift */; };
		9B18A1BC2849E139001F1EA2 /* DrawArc.swift in Sources */ = {isa = PBXBuildFile; fileRef = 9B18A1BB2849E139001F1EA2 /* DrawArc.swift */; };
		9B18A1BD2849E139001F1EA2 /* DrawArc.swift in Sources */ = {isa = PBXBuildFile; fileRef = 9B18A1BB2849E139001F1EA2 /* DrawArc.swift */; };
		9B31C2A7284A56EC00D5092F /* CalendarMetalRing.swift in Sources */ = {isa = PBXBuildFile; fileRef = 9B31C2A6284A56EC00D5092F /* CalendarMetalRing.swift */; };
		9B31C2A8284A56EC00D5092F /* CalendarMetalRing.swift in Sources */ = {isa = PBXBuildFile; fileRef = 9B31C2A6284A56EC00D5092F /* CalendarMetalRing.swift */; };
		9B31C2AC284C5BEB00D5092F /* Launch Screen.storyboard in Resources */ = {isa = PBXBuildFile; fileRef = 9B31C2AB284C5BEB00D5092F /* Launch Screen.storyboard */; };
		9B31C2AF284C645500D5092F /* LaunchQuoteView.swift in Sources */ = {isa = PBXBuildFile; fileRef = 9B31C2AE284C645500D5092F /* LaunchQuoteView.swift */; };
		9B31C2B0284C645500D5092F /* LaunchQuoteView.swift in Sources */ = {isa = PBXBuildFile; fileRef = 9B31C2AE284C645500D5092F /* LaunchQuoteView.swift */; };
		9B31C2B3284CF32700D5092F /* Router.swift in Sources */ = {isa = PBXBuildFile; fileRef = 9B31C2B2284CF32700D5092F /* Router.swift */; };
		9B31C2B4284CF32700D5092F /* Router.swift in Sources */ = {isa = PBXBuildFile; fileRef = 9B31C2B2284CF32700D5092F /* Router.swift */; };
		9B31C2B9284DC43300D5092F /* BCWebView.swift in Sources */ = {isa = PBXBuildFile; fileRef = 9B31C2B8284DC43300D5092F /* BCWebView.swift */; };
		9B31C2BA284DC43300D5092F /* BCWebView.swift in Sources */ = {isa = PBXBuildFile; fileRef = 9B31C2B8284DC43300D5092F /* BCWebView.swift */; };
		9B31C2BD284DC5E500D5092F /* SettingBarView.swift in Sources */ = {isa = PBXBuildFile; fileRef = 9B31C2BC284DC5E500D5092F /* SettingBarView.swift */; };
		9B31C2BE284DC5E500D5092F /* SettingBarView.swift in Sources */ = {isa = PBXBuildFile; fileRef = 9B31C2BC284DC5E500D5092F /* SettingBarView.swift */; };
		9B31C2CA284E407400D5092F /* SettingList.swift in Sources */ = {isa = PBXBuildFile; fileRef = 9B31C2C9284E407400D5092F /* SettingList.swift */; };
		9B31C2CB284E407400D5092F /* SettingList.swift in Sources */ = {isa = PBXBuildFile; fileRef = 9B31C2C9284E407400D5092F /* SettingList.swift */; };
		9B31C2CF284E423A00D5092F /* SettingListViewModel.swift in Sources */ = {isa = PBXBuildFile; fileRef = 9B31C2CE284E423A00D5092F /* SettingListViewModel.swift */; };
		9B31C2D0284E423A00D5092F /* SettingListViewModel.swift in Sources */ = {isa = PBXBuildFile; fileRef = 9B31C2CE284E423A00D5092F /* SettingListViewModel.swift */; };
		9B31C2D3284E47DB00D5092F /* DismissButtonBuilder.swift in Sources */ = {isa = PBXBuildFile; fileRef = 9B31C2D2284E47DB00D5092F /* DismissButtonBuilder.swift */; };
		9B31C2D4284E47DB00D5092F /* DismissButtonBuilder.swift in Sources */ = {isa = PBXBuildFile; fileRef = 9B31C2D2284E47DB00D5092F /* DismissButtonBuilder.swift */; };
		9B3A7D492875DA6F00095441 /* KeychainAccess in Frameworks */ = {isa = PBXBuildFile; productRef = 9B3A7D482875DA6F00095441 /* KeychainAccess */; };
		9B3A7D4D2875DA9000095441 /* KeychainAdapter.swift in Sources */ = {isa = PBXBuildFile; fileRef = 9B3A7D4C2875DA9000095441 /* KeychainAdapter.swift */; };
		9B3A7D4E2875DA9000095441 /* KeychainAdapter.swift in Sources */ = {isa = PBXBuildFile; fileRef = 9B3A7D4C2875DA9000095441 /* KeychainAdapter.swift */; };
		9B3C34FC287145BC009D0DB7 /* CounterClockwiseQuote.swift in Sources */ = {isa = PBXBuildFile; fileRef = 9B3C34FB287145BC009D0DB7 /* CounterClockwiseQuote.swift */; };
		9B3C34FD287145BC009D0DB7 /* CounterClockwiseQuote.swift in Sources */ = {isa = PBXBuildFile; fileRef = 9B3C34FB287145BC009D0DB7 /* CounterClockwiseQuote.swift */; };
		9B3C35052871E47F009D0DB7 /* WidgetKit.framework in Frameworks */ = {isa = PBXBuildFile; fileRef = 9B3C34E8287142CF009D0DB7 /* WidgetKit.framework */; platformFilter = maccatalyst; };
		9B3C35062871E47F009D0DB7 /* SwiftUI.framework in Frameworks */ = {isa = PBXBuildFile; fileRef = 9B3C34EA287142CF009D0DB7 /* SwiftUI.framework */; platformFilter = maccatalyst; };
		9B3C35092871E47F009D0DB7 /* CounterClockQuote.swift in Sources */ = {isa = PBXBuildFile; fileRef = 9B3C35082871E47F009D0DB7 /* CounterClockQuote.swift */; };
		9B3C350B2871E481009D0DB7 /* Assets.xcassets in Resources */ = {isa = PBXBuildFile; fileRef = 9B3C350A2871E481009D0DB7 /* Assets.xcassets */; };
		9B3C350F2871E481009D0DB7 /* CounterClockQuoteExtension.appex in Embed App Extensions */ = {isa = PBXBuildFile; fileRef = 9B3C35042871E47F009D0DB7 /* CounterClockQuoteExtension.appex */; settings = {ATTRIBUTES = (RemoveHeadersOnCopy, ); }; };
		9B3C35132871E4C4009D0DB7 /* CounterClockwiseQuote.swift in Sources */ = {isa = PBXBuildFile; fileRef = 9B3C34FB287145BC009D0DB7 /* CounterClockwiseQuote.swift */; };
		9B3C35142871E51C009D0DB7 /* BCColor.swift in Sources */ = {isa = PBXBuildFile; fileRef = 9B42514D28431997006D908C /* BCColor.swift */; };
		9B3C35152871EEEC009D0DB7 /* ShipQuoteView.swift in Sources */ = {isa = PBXBuildFile; fileRef = 9B6DD6EE286211E100C86EF8 /* ShipQuoteView.swift */; };
		9B3C35172871EF37009D0DB7 /* ShipQuoteContainerView.swift in Sources */ = {isa = PBXBuildFile; fileRef = 9B3C35162871EF37009D0DB7 /* ShipQuoteContainerView.swift */; };
		9B3C35182871EF37009D0DB7 /* ShipQuoteContainerView.swift in Sources */ = {isa = PBXBuildFile; fileRef = 9B3C35162871EF37009D0DB7 /* ShipQuoteContainerView.swift */; };
		9B4228D0284368D000DA29D2 /* MinuteHandView.swift in Sources */ = {isa = PBXBuildFile; fileRef = 9B4228CF284368D000DA29D2 /* MinuteHandView.swift */; };
		9B4228D1284368D000DA29D2 /* MinuteHandView.swift in Sources */ = {isa = PBXBuildFile; fileRef = 9B4228CF284368D000DA29D2 /* MinuteHandView.swift */; };
		9B4228D62843691400DA29D2 /* HourHandView.swift in Sources */ = {isa = PBXBuildFile; fileRef = 9B4228D52843691400DA29D2 /* HourHandView.swift */; };
		9B4228D72843691400DA29D2 /* HourHandView.swift in Sources */ = {isa = PBXBuildFile; fileRef = 9B4228D52843691400DA29D2 /* HourHandView.swift */; };
		9B4228DA28436ADA00DA29D2 /* Clockwork.swift in Sources */ = {isa = PBXBuildFile; fileRef = 9B4228D928436ADA00DA29D2 /* Clockwork.swift */; };
		9B4228DB28436ADA00DA29D2 /* Clockwork.swift in Sources */ = {isa = PBXBuildFile; fileRef = 9B4228D928436ADA00DA29D2 /* Clockwork.swift */; };
		9B4228DE2843901300DA29D2 /* DateUtility.swift in Sources */ = {isa = PBXBuildFile; fileRef = 9B4228DD2843901300DA29D2 /* DateUtility.swift */; };
		9B4228DF2843905600DA29D2 /* DateUtility.swift in Sources */ = {isa = PBXBuildFile; fileRef = 9B4228DD2843901300DA29D2 /* DateUtility.swift */; };
		9B4228E02843905600DA29D2 /* DateUtility.swift in Sources */ = {isa = PBXBuildFile; fileRef = 9B4228DD2843901300DA29D2 /* DateUtility.swift */; };
		9B4228E12843905700DA29D2 /* DateUtility.swift in Sources */ = {isa = PBXBuildFile; fileRef = 9B4228DD2843901300DA29D2 /* DateUtility.swift */; };
		9B4228E32843909900DA29D2 /* DateUtilityTests.swift in Sources */ = {isa = PBXBuildFile; fileRef = 9B4228E22843909900DA29D2 /* DateUtilityTests.swift */; };
		9B4228E52843A09800DA29D2 /* AngleUtility.swift in Sources */ = {isa = PBXBuildFile; fileRef = 9B4228E42843A09800DA29D2 /* AngleUtility.swift */; };
		9B4228E62843A09800DA29D2 /* AngleUtility.swift in Sources */ = {isa = PBXBuildFile; fileRef = 9B4228E42843A09800DA29D2 /* AngleUtility.swift */; };
		9B4228E72843A09800DA29D2 /* AngleUtility.swift in Sources */ = {isa = PBXBuildFile; fileRef = 9B4228E42843A09800DA29D2 /* AngleUtility.swift */; };
		9B4228E82843A09800DA29D2 /* AngleUtility.swift in Sources */ = {isa = PBXBuildFile; fileRef = 9B4228E42843A09800DA29D2 /* AngleUtility.swift */; };
		9B4228EA2843A0C800DA29D2 /* AngleUtilityTests.swift in Sources */ = {isa = PBXBuildFile; fileRef = 9B4228E92843A0C800DA29D2 /* AngleUtilityTests.swift */; };
		9B42512228426E5D006D908C /* Tests_iOS.swift in Sources */ = {isa = PBXBuildFile; fileRef = 9B42512128426E5D006D908C /* Tests_iOS.swift */; };
		9B42512E28426E5D006D908C /* Tests_macOS.swift in Sources */ = {isa = PBXBuildFile; fileRef = 9B42512D28426E5D006D908C /* Tests_macOS.swift */; };
		9B42513028426E5D006D908C /* Tests_macOSLaunchTests.swift in Sources */ = {isa = PBXBuildFile; fileRef = 9B42512F28426E5D006D908C /* Tests_macOSLaunchTests.swift */; };
		9B42513128426E5D006D908C /* BackwardsClockApp.swift in Sources */ = {isa = PBXBuildFile; fileRef = 9B42510928426E5C006D908C /* BackwardsClockApp.swift */; };
		9B42513228426E5D006D908C /* BackwardsClockApp.swift in Sources */ = {isa = PBXBuildFile; fileRef = 9B42510928426E5C006D908C /* BackwardsClockApp.swift */; };
		9B42513528426E5D006D908C /* Assets.xcassets in Resources */ = {isa = PBXBuildFile; fileRef = 9B42510B28426E5D006D908C /* Assets.xcassets */; };
		9B42513628426E5D006D908C /* Assets.xcassets in Resources */ = {isa = PBXBuildFile; fileRef = 9B42510B28426E5D006D908C /* Assets.xcassets */; };
		9B4251472842705A006D908C /* ClockContainerView.swift in Sources */ = {isa = PBXBuildFile; fileRef = 9B4251462842705A006D908C /* ClockContainerView.swift */; };
		9B4251482842705A006D908C /* ClockContainerView.swift in Sources */ = {isa = PBXBuildFile; fileRef = 9B4251462842705A006D908C /* ClockContainerView.swift */; };
		9B42514A28431768006D908C /* SecondHandView.swift in Sources */ = {isa = PBXBuildFile; fileRef = 9B42514928431768006D908C /* SecondHandView.swift */; };
		9B42514B28431768006D908C /* SecondHandView.swift in Sources */ = {isa = PBXBuildFile; fileRef = 9B42514928431768006D908C /* SecondHandView.swift */; };
		9B42514E28431997006D908C /* BCColor.swift in Sources */ = {isa = PBXBuildFile; fileRef = 9B42514D28431997006D908C /* BCColor.swift */; };
		9B42514F28431997006D908C /* BCColor.swift in Sources */ = {isa = PBXBuildFile; fileRef = 9B42514D28431997006D908C /* BCColor.swift */; };
		9B4251542843245A006D908C /* HandShape.swift in Sources */ = {isa = PBXBuildFile; fileRef = 9B4251532843245A006D908C /* HandShape.swift */; };
		9B4251552843245A006D908C /* HandShape.swift in Sources */ = {isa = PBXBuildFile; fileRef = 9B4251532843245A006D908C /* HandShape.swift */; };
		9B42515728433C29006D908C /* ClockDialView.swift in Sources */ = {isa = PBXBuildFile; fileRef = 9B42515628433C29006D908C /* ClockDialView.swift */; };
		9B42515828433C29006D908C /* ClockDialView.swift in Sources */ = {isa = PBXBuildFile; fileRef = 9B42515628433C29006D908C /* ClockDialView.swift */; };
		9B42515A28434176006D908C /* ArcView.swift in Sources */ = {isa = PBXBuildFile; fileRef = 9B42515928434175006D908C /* ArcView.swift */; };
		9B42515B28434176006D908C /* ArcView.swift in Sources */ = {isa = PBXBuildFile; fileRef = 9B42515928434175006D908C /* ArcView.swift */; };
		9B42515D2843438B006D908C /* ClockTicksView.swift in Sources */ = {isa = PBXBuildFile; fileRef = 9B42515C2843438B006D908C /* ClockTicksView.swift */; };
		9B42515E2843438B006D908C /* ClockTicksView.swift in Sources */ = {isa = PBXBuildFile; fileRef = 9B42515C2843438B006D908C /* ClockTicksView.swift */; };
		9B42516028434A05006D908C /* BackwardsClockNumberView.swift in Sources */ = {isa = PBXBuildFile; fileRef = 9B42515F28434A05006D908C /* BackwardsClockNumberView.swift */; };
		9B42516128434A05006D908C /* BackwardsClockNumberView.swift in Sources */ = {isa = PBXBuildFile; fileRef = 9B42515F28434A05006D908C /* BackwardsClockNumberView.swift */; };
		9B6DD6EF286211E100C86EF8 /* ShipQuoteView.swift in Sources */ = {isa = PBXBuildFile; fileRef = 9B6DD6EE286211E100C86EF8 /* ShipQuoteView.swift */; };
		9B6DD6F0286211E100C86EF8 /* ShipQuoteView.swift in Sources */ = {isa = PBXBuildFile; fileRef = 9B6DD6EE286211E100C86EF8 /* ShipQuoteView.swift */; };
		9BA79749287039630064C526 /* ThemeManager.swift in Sources */ = {isa = PBXBuildFile; fileRef = 9BA79748287039630064C526 /* ThemeManager.swift */; };
		9BA7974A287039630064C526 /* ThemeManager.swift in Sources */ = {isa = PBXBuildFile; fileRef = 9BA79748287039630064C526 /* ThemeManager.swift */; };
		9BA7975028703FE70064C526 /* UserDefaultsKeys.swift in Sources */ = {isa = PBXBuildFile; fileRef = 9BA7974F28703FE70064C526 /* UserDefaultsKeys.swift */; };
		9BA7975128703FE70064C526 /* UserDefaultsKeys.swift in Sources */ = {isa = PBXBuildFile; fileRef = 9BA7974F28703FE70064C526 /* UserDefaultsKeys.swift */; };
		9BAAAF272873F0790015CC65 /* FirebaseCrashlytics in Frameworks */ = {isa = PBXBuildFile; productRef = 9BAAAF262873F0790015CC65 /* FirebaseCrashlytics */; };
		9BAAAF292873F0790015CC65 /* FirebaseMessaging in Frameworks */ = {isa = PBXBuildFile; productRef = 9BAAAF282873F0790015CC65 /* FirebaseMessaging */; };
		9BAAAF2D287414A80015CC65 /* FirebaseAnalyticsWithoutAdIdSupport in Frameworks */ = {isa = PBXBuildFile; productRef = 9BAAAF2C287414A80015CC65 /* FirebaseAnalyticsWithoutAdIdSupport */; };
		9BAAAF332874931E0015CC65 /* Logger.swift in Sources */ = {isa = PBXBuildFile; fileRef = 9BAAAF322874931D0015CC65 /* Logger.swift */; };
		9BAAAF342874931E0015CC65 /* Logger.swift in Sources */ = {isa = PBXBuildFile; fileRef = 9BAAAF322874931D0015CC65 /* Logger.swift */; };
		9BAAAF36287495880015CC65 /* FirebaseRemoteConfig in Frameworks */ = {isa = PBXBuildFile; productRef = 9BAAAF35287495880015CC65 /* FirebaseRemoteConfig */; };
		9BAAAF39287495A00015CC65 /* RemoteConfigManager.swift in Sources */ = {isa = PBXBuildFile; fileRef = 9BAAAF38287495A00015CC65 /* RemoteConfigManager.swift */; };
		9BAAAF3A287495A00015CC65 /* RemoteConfigManager.swift in Sources */ = {isa = PBXBuildFile; fileRef = 9BAAAF38287495A00015CC65 /* RemoteConfigManager.swift */; };
		9BAAAF3C287590C50015CC65 /* remote_config_defaults.plist in Resources */ = {isa = PBXBuildFile; fileRef = 9BAAAF3B287590C50015CC65 /* remote_config_defaults.plist */; };
		9BAAAF3D287590C50015CC65 /* remote_config_defaults.plist in Resources */ = {isa = PBXBuildFile; fileRef = 9BAAAF3B287590C50015CC65 /* remote_config_defaults.plist */; };
		9BAAAF402875C0660015CC65 /* AppleSignInView.swift in Sources */ = {isa = PBXBuildFile; fileRef = 9BAAAF3F2875C0660015CC65 /* AppleSignInView.swift */; };
		9BAAAF412875C0660015CC65 /* AppleSignInView.swift in Sources */ = {isa = PBXBuildFile; fileRef = 9BAAAF3F2875C0660015CC65 /* AppleSignInView.swift */; };
		9BAAAF442875C3170015CC65 /* AppleAuthManager.swift in Sources */ = {isa = PBXBuildFile; fileRef = 9BAAAF432875C3170015CC65 /* AppleAuthManager.swift */; };
		9BAAAF452875C3170015CC65 /* AppleAuthManager.swift in Sources */ = {isa = PBXBuildFile; fileRef = 9BAAAF432875C3170015CC65 /* AppleAuthManager.swift */; };
		9BB3349B287343B2007C4A6E /* GoogleService-Info.plist in Resources */ = {isa = PBXBuildFile; fileRef = 9BB3349A287343B2007C4A6E /* GoogleService-Info.plist */; };
		9BB3349C287343B2007C4A6E /* GoogleService-Info.plist in Resources */ = {isa = PBXBuildFile; fileRef = 9BB3349A287343B2007C4A6E /* GoogleService-Info.plist */; };
		9BB334A128734629007C4A6E /* AppDelegate.swift in Sources */ = {isa = PBXBuildFile; fileRef = 9BB334A028734629007C4A6E /* AppDelegate.swift */; };
		9BB334AC2873BBA1007C4A6E /* AnalyticsManager.swift in Sources */ = {isa = PBXBuildFile; fileRef = 9BB334AB2873BBA1007C4A6E /* AnalyticsManager.swift */; };
/* End PBXBuildFile section */

/* Begin PBXContainerItemProxy section */
		9B3C350D2871E481009D0DB7 /* PBXContainerItemProxy */ = {
			isa = PBXContainerItemProxy;
			containerPortal = 9B42510428426E5C006D908C /* Project object */;
			proxyType = 1;
			remoteGlobalIDString = 9B3C35032871E47F009D0DB7;
			remoteInfo = CounterClockQuoteExtension;
		};
		9B42511E28426E5D006D908C /* PBXContainerItemProxy */ = {
			isa = PBXContainerItemProxy;
			containerPortal = 9B42510428426E5C006D908C /* Project object */;
			proxyType = 1;
			remoteGlobalIDString = 9B42510F28426E5D006D908C;
			remoteInfo = "BackwardsClock (iOS)";
		};
		9B42512A28426E5D006D908C /* PBXContainerItemProxy */ = {
			isa = PBXContainerItemProxy;
			containerPortal = 9B42510428426E5C006D908C /* Project object */;
			proxyType = 1;
			remoteGlobalIDString = 9B42511528426E5D006D908C;
			remoteInfo = "BackwardsClock (macOS)";
		};
/* End PBXContainerItemProxy section */

/* Begin PBXCopyFilesBuildPhase section */
		9B3C34F5287142D0009D0DB7 /* Embed App Extensions */ = {
			isa = PBXCopyFilesBuildPhase;
			buildActionMask = 2147483647;
			dstPath = "";
			dstSubfolderSpec = 13;
			files = (
				9B3C350F2871E481009D0DB7 /* CounterClockQuoteExtension.appex in Embed App Extensions */,
			);
			name = "Embed App Extensions";
			runOnlyForDeploymentPostprocessing = 0;
		};
/* End PBXCopyFilesBuildPhase section */

/* Begin PBXFileReference section */
		9B153C832856239400D19E74 /* AboutPage.swift */ = {isa = PBXFileReference; lastKnownFileType = sourcecode.swift; path = AboutPage.swift; sourceTree = "<group>"; };
		9B153D8C285C468800D19E74 /* HandsColorThemeView.swift */ = {isa = PBXFileReference; lastKnownFileType = sourcecode.swift; path = HandsColorThemeView.swift; sourceTree = "<group>"; };
		9B18A1B52849D704001F1EA2 /* DayCalendarView.swift */ = {isa = PBXFileReference; lastKnownFileType = sourcecode.swift; path = DayCalendarView.swift; sourceTree = "<group>"; };
		9B18A1B82849DA0A001F1EA2 /* CalendarUpperBar.swift */ = {isa = PBXFileReference; lastKnownFileType = sourcecode.swift; path = CalendarUpperBar.swift; sourceTree = "<group>"; };
		9B18A1BB2849E139001F1EA2 /* DrawArc.swift */ = {isa = PBXFileReference; lastKnownFileType = sourcecode.swift; path = DrawArc.swift; sourceTree = "<group>"; };
		9B31C2A6284A56EC00D5092F /* CalendarMetalRing.swift */ = {isa = PBXFileReference; lastKnownFileType = sourcecode.swift; path = CalendarMetalRing.swift; sourceTree = "<group>"; };
		9B31C2AB284C5BEB00D5092F /* Launch Screen.storyboard */ = {isa = PBXFileReference; lastKnownFileType = file.storyboard; path = "Launch Screen.storyboard"; sourceTree = "<group>"; };
		9B31C2AE284C645500D5092F /* LaunchQuoteView.swift */ = {isa = PBXFileReference; lastKnownFileType = sourcecode.swift; path = LaunchQuoteView.swift; sourceTree = "<group>"; };
		9B31C2B2284CF32700D5092F /* Router.swift */ = {isa = PBXFileReference; lastKnownFileType = sourcecode.swift; path = Router.swift; sourceTree = "<group>"; };
		9B31C2B8284DC43300D5092F /* BCWebView.swift */ = {isa = PBXFileReference; lastKnownFileType = sourcecode.swift; path = BCWebView.swift; sourceTree = "<group>"; };
		9B31C2BC284DC5E500D5092F /* SettingBarView.swift */ = {isa = PBXFileReference; lastKnownFileType = sourcecode.swift; path = SettingBarView.swift; sourceTree = "<group>"; };
		9B31C2C9284E407400D5092F /* SettingList.swift */ = {isa = PBXFileReference; lastKnownFileType = sourcecode.swift; path = SettingList.swift; sourceTree = "<group>"; };
		9B31C2CE284E423A00D5092F /* SettingListViewModel.swift */ = {isa = PBXFileReference; lastKnownFileType = sourcecode.swift; path = SettingListViewModel.swift; sourceTree = "<group>"; };
		9B31C2D2284E47DB00D5092F /* DismissButtonBuilder.swift */ = {isa = PBXFileReference; lastKnownFileType = sourcecode.swift; path = DismissButtonBuilder.swift; sourceTree = "<group>"; };
		9B3A7D4C2875DA9000095441 /* KeychainAdapter.swift */ = {isa = PBXFileReference; lastKnownFileType = sourcecode.swift; path = KeychainAdapter.swift; sourceTree = "<group>"; };
		9B3C34E8287142CF009D0DB7 /* WidgetKit.framework */ = {isa = PBXFileReference; lastKnownFileType = wrapper.framework; name = WidgetKit.framework; path = System/Library/Frameworks/WidgetKit.framework; sourceTree = SDKROOT; };
		9B3C34EA287142CF009D0DB7 /* SwiftUI.framework */ = {isa = PBXFileReference; lastKnownFileType = wrapper.framework; name = SwiftUI.framework; path = System/Library/Frameworks/SwiftUI.framework; sourceTree = SDKROOT; };
		9B3C34FB287145BC009D0DB7 /* CounterClockwiseQuote.swift */ = {isa = PBXFileReference; lastKnownFileType = sourcecode.swift; path = CounterClockwiseQuote.swift; sourceTree = "<group>"; };
		9B3C35042871E47F009D0DB7 /* CounterClockQuoteExtension.appex */ = {isa = PBXFileReference; explicitFileType = "wrapper.app-extension"; includeInIndex = 0; path = CounterClockQuoteExtension.appex; sourceTree = BUILT_PRODUCTS_DIR; };
		9B3C35082871E47F009D0DB7 /* CounterClockQuote.swift */ = {isa = PBXFileReference; lastKnownFileType = sourcecode.swift; path = CounterClockQuote.swift; sourceTree = "<group>"; };
		9B3C350A2871E481009D0DB7 /* Assets.xcassets */ = {isa = PBXFileReference; lastKnownFileType = folder.assetcatalog; path = Assets.xcassets; sourceTree = "<group>"; };
		9B3C350C2871E481009D0DB7 /* Info.plist */ = {isa = PBXFileReference; lastKnownFileType = text.plist.xml; path = Info.plist; sourceTree = "<group>"; };
		9B3C35162871EF37009D0DB7 /* ShipQuoteContainerView.swift */ = {isa = PBXFileReference; lastKnownFileType = sourcecode.swift; path = ShipQuoteContainerView.swift; sourceTree = "<group>"; };
		9B4228CF284368D000DA29D2 /* MinuteHandView.swift */ = {isa = PBXFileReference; lastKnownFileType = sourcecode.swift; path = MinuteHandView.swift; sourceTree = "<group>"; };
		9B4228D52843691400DA29D2 /* HourHandView.swift */ = {isa = PBXFileReference; lastKnownFileType = sourcecode.swift; path = HourHandView.swift; sourceTree = "<group>"; };
		9B4228D928436ADA00DA29D2 /* Clockwork.swift */ = {isa = PBXFileReference; lastKnownFileType = sourcecode.swift; path = Clockwork.swift; sourceTree = "<group>"; };
		9B4228DD2843901300DA29D2 /* DateUtility.swift */ = {isa = PBXFileReference; lastKnownFileType = sourcecode.swift; path = DateUtility.swift; sourceTree = "<group>"; };
		9B4228E22843909900DA29D2 /* DateUtilityTests.swift */ = {isa = PBXFileReference; lastKnownFileType = sourcecode.swift; path = DateUtilityTests.swift; sourceTree = "<group>"; };
		9B4228E42843A09800DA29D2 /* AngleUtility.swift */ = {isa = PBXFileReference; lastKnownFileType = sourcecode.swift; path = AngleUtility.swift; sourceTree = "<group>"; };
		9B4228E92843A0C800DA29D2 /* AngleUtilityTests.swift */ = {isa = PBXFileReference; lastKnownFileType = sourcecode.swift; path = AngleUtilityTests.swift; sourceTree = "<group>"; };
		9B42510928426E5C006D908C /* BackwardsClockApp.swift */ = {isa = PBXFileReference; lastKnownFileType = sourcecode.swift; path = BackwardsClockApp.swift; sourceTree = "<group>"; };
		9B42510B28426E5D006D908C /* Assets.xcassets */ = {isa = PBXFileReference; lastKnownFileType = folder.assetcatalog; path = Assets.xcassets; sourceTree = "<group>"; };
		9B42511028426E5D006D908C /* BackwardsClock.app */ = {isa = PBXFileReference; explicitFileType = wrapper.application; includeInIndex = 0; path = BackwardsClock.app; sourceTree = BUILT_PRODUCTS_DIR; };
		9B42511628426E5D006D908C /* BackwardsClock.app */ = {isa = PBXFileReference; explicitFileType = wrapper.application; includeInIndex = 0; path = BackwardsClock.app; sourceTree = BUILT_PRODUCTS_DIR; };
		9B42511828426E5D006D908C /* macOS.entitlements */ = {isa = PBXFileReference; lastKnownFileType = text.plist.entitlements; path = macOS.entitlements; sourceTree = "<group>"; };
		9B42511D28426E5D006D908C /* Tests iOS.xctest */ = {isa = PBXFileReference; explicitFileType = wrapper.cfbundle; includeInIndex = 0; path = "Tests iOS.xctest"; sourceTree = BUILT_PRODUCTS_DIR; };
		9B42512128426E5D006D908C /* Tests_iOS.swift */ = {isa = PBXFileReference; lastKnownFileType = sourcecode.swift; path = Tests_iOS.swift; sourceTree = "<group>"; };
		9B42512928426E5D006D908C /* Tests macOS.xctest */ = {isa = PBXFileReference; explicitFileType = wrapper.cfbundle; includeInIndex = 0; path = "Tests macOS.xctest"; sourceTree = BUILT_PRODUCTS_DIR; };
		9B42512D28426E5D006D908C /* Tests_macOS.swift */ = {isa = PBXFileReference; lastKnownFileType = sourcecode.swift; path = Tests_macOS.swift; sourceTree = "<group>"; };
		9B42512F28426E5D006D908C /* Tests_macOSLaunchTests.swift */ = {isa = PBXFileReference; lastKnownFileType = sourcecode.swift; path = Tests_macOSLaunchTests.swift; sourceTree = "<group>"; };
		9B4251462842705A006D908C /* ClockContainerView.swift */ = {isa = PBXFileReference; lastKnownFileType = sourcecode.swift; path = ClockContainerView.swift; sourceTree = "<group>"; };
		9B42514928431768006D908C /* SecondHandView.swift */ = {isa = PBXFileReference; lastKnownFileType = sourcecode.swift; path = SecondHandView.swift; sourceTree = "<group>"; };
		9B42514D28431997006D908C /* BCColor.swift */ = {isa = PBXFileReference; lastKnownFileType = sourcecode.swift; path = BCColor.swift; sourceTree = "<group>"; };
		9B4251532843245A006D908C /* HandShape.swift */ = {isa = PBXFileReference; lastKnownFileType = sourcecode.swift; path = HandShape.swift; sourceTree = "<group>"; };
		9B42515628433C29006D908C /* ClockDialView.swift */ = {isa = PBXFileReference; lastKnownFileType = sourcecode.swift; path = ClockDialView.swift; sourceTree = "<group>"; };
		9B42515928434175006D908C /* ArcView.swift */ = {isa = PBXFileReference; lastKnownFileType = sourcecode.swift; path = ArcView.swift; sourceTree = "<group>"; };
		9B42515C2843438B006D908C /* ClockTicksView.swift */ = {isa = PBXFileReference; lastKnownFileType = sourcecode.swift; path = ClockTicksView.swift; sourceTree = "<group>"; };
		9B42515F28434A05006D908C /* BackwardsClockNumberView.swift */ = {isa = PBXFileReference; lastKnownFileType = sourcecode.swift; path = BackwardsClockNumberView.swift; sourceTree = "<group>"; };
		9B6DD6EE286211E100C86EF8 /* ShipQuoteView.swift */ = {isa = PBXFileReference; lastKnownFileType = sourcecode.swift; path = ShipQuoteView.swift; sourceTree = "<group>"; };
		9BA79748287039630064C526 /* ThemeManager.swift */ = {isa = PBXFileReference; lastKnownFileType = sourcecode.swift; path = ThemeManager.swift; sourceTree = "<group>"; };
		9BA7974F28703FE70064C526 /* UserDefaultsKeys.swift */ = {isa = PBXFileReference; lastKnownFileType = sourcecode.swift; path = UserDefaultsKeys.swift; sourceTree = "<group>"; };
		9BAAAF30287490150015CC65 /* BackwardsClock (iOS).entitlements */ = {isa = PBXFileReference; lastKnownFileType = text.plist.entitlements; path = "BackwardsClock (iOS).entitlements"; sourceTree = "<group>"; };
		9BAAAF322874931D0015CC65 /* Logger.swift */ = {isa = PBXFileReference; lastKnownFileType = sourcecode.swift; path = Logger.swift; sourceTree = "<group>"; };
		9BAAAF38287495A00015CC65 /* RemoteConfigManager.swift */ = {isa = PBXFileReference; lastKnownFileType = sourcecode.swift; path = RemoteConfigManager.swift; sourceTree = "<group>"; };
		9BAAAF3B287590C50015CC65 /* remote_config_defaults.plist */ = {isa = PBXFileReference; fileEncoding = 4; lastKnownFileType = text.plist.xml; path = remote_config_defaults.plist; sourceTree = "<group>"; };
		9BAAAF3F2875C0660015CC65 /* AppleSignInView.swift */ = {isa = PBXFileReference; lastKnownFileType = sourcecode.swift; path = AppleSignInView.swift; sourceTree = "<group>"; };
		9BAAAF432875C3170015CC65 /* AppleAuthManager.swift */ = {isa = PBXFileReference; lastKnownFileType = sourcecode.swift; path = AppleAuthManager.swift; sourceTree = "<group>"; };
		9BB3349A287343B2007C4A6E /* GoogleService-Info.plist */ = {isa = PBXFileReference; fileEncoding = 4; lastKnownFileType = text.plist.xml; path = "GoogleService-Info.plist"; sourceTree = "<group>"; };
		9BB334A028734629007C4A6E /* AppDelegate.swift */ = {isa = PBXFileReference; lastKnownFileType = sourcecode.swift; path = AppDelegate.swift; sourceTree = "<group>"; };
		9BB334AB2873BBA1007C4A6E /* AnalyticsManager.swift */ = {isa = PBXFileReference; lastKnownFileType = sourcecode.swift; path = AnalyticsManager.swift; sourceTree = "<group>"; };
/* End PBXFileReference section */

/* Begin PBXFrameworksBuildPhase section */
		9B3C35012871E47F009D0DB7 /* Frameworks */ = {
			isa = PBXFrameworksBuildPhase;
			buildActionMask = 2147483647;
			files = (
				9B3C35062871E47F009D0DB7 /* SwiftUI.framework in Frameworks */,
				9B3C35052871E47F009D0DB7 /* WidgetKit.framework in Frameworks */,
			);
			runOnlyForDeploymentPostprocessing = 0;
		};
		9B42510D28426E5D006D908C /* Frameworks */ = {
			isa = PBXFrameworksBuildPhase;
			buildActionMask = 2147483647;
			files = (
				9BAAAF292873F0790015CC65 /* FirebaseMessaging in Frameworks */,
				9BAAAF272873F0790015CC65 /* FirebaseCrashlytics in Frameworks */,
				9BAAAF2D287414A80015CC65 /* FirebaseAnalyticsWithoutAdIdSupport in Frameworks */,
				9BAAAF36287495880015CC65 /* FirebaseRemoteConfig in Frameworks */,
				9B3A7D492875DA6F00095441 /* KeychainAccess in Frameworks */,
			);
			runOnlyForDeploymentPostprocessing = 0;
		};
		9B42511328426E5D006D908C /* Frameworks */ = {
			isa = PBXFrameworksBuildPhase;
			buildActionMask = 2147483647;
			files = (
			);
			runOnlyForDeploymentPostprocessing = 0;
		};
		9B42511A28426E5D006D908C /* Frameworks */ = {
			isa = PBXFrameworksBuildPhase;
			buildActionMask = 2147483647;
			files = (
			);
			runOnlyForDeploymentPostprocessing = 0;
		};
		9B42512628426E5D006D908C /* Frameworks */ = {
			isa = PBXFrameworksBuildPhase;
			buildActionMask = 2147483647;
			files = (
			);
			runOnlyForDeploymentPostprocessing = 0;
		};
/* End PBXFrameworksBuildPhase section */

/* Begin PBXGroup section */
		9B153C822856238400D19E74 /* AboutPage */ = {
			isa = PBXGroup;
			children = (
				9B153C832856239400D19E74 /* AboutPage.swift */,
			);
			path = AboutPage;
			sourceTree = "<group>";
		};
		9B153D8B285C467300D19E74 /* HandsColorTheme */ = {
			isa = PBXGroup;
			children = (
				9B153D8C285C468800D19E74 /* HandsColorThemeView.swift */,
			);
			path = HandsColorTheme;
			sourceTree = "<group>";
		};
		9B18A1B42849D6F4001F1EA2 /* DayCalendar */ = {
			isa = PBXGroup;
			children = (
				9B18A1B52849D704001F1EA2 /* DayCalendarView.swift */,
				9B18A1B82849DA0A001F1EA2 /* CalendarUpperBar.swift */,
				9B18A1BB2849E139001F1EA2 /* DrawArc.swift */,
				9B31C2A6284A56EC00D5092F /* CalendarMetalRing.swift */,
			);
			path = DayCalendar;
			sourceTree = "<group>";
		};
		9B31C2AA284C5BE100D5092F /* Launch */ = {
			isa = PBXGroup;
			children = (
				9B31C2AB284C5BEB00D5092F /* Launch Screen.storyboard */,
			);
			path = Launch;
			sourceTree = "<group>";
		};
		9B31C2AD284C643900D5092F /* LaunchQuote */ = {
			isa = PBXGroup;
			children = (
				9B31C2AE284C645500D5092F /* LaunchQuoteView.swift */,
			);
			path = LaunchQuote;
			sourceTree = "<group>";
		};
		9B31C2B1284CF31100D5092F /* Router */ = {
			isa = PBXGroup;
			children = (
				9B31C2B2284CF32700D5092F /* Router.swift */,
			);
			path = Router;
			sourceTree = "<group>";
		};
		9B31C2B7284DC41600D5092F /* WebView */ = {
			isa = PBXGroup;
			children = (
				9B31C2B8284DC43300D5092F /* BCWebView.swift */,
			);
			path = WebView;
			sourceTree = "<group>";
		};
		9B31C2BB284DC5D700D5092F /* SettingBar */ = {
			isa = PBXGroup;
			children = (
				9B31C2BC284DC5E500D5092F /* SettingBarView.swift */,
			);
			path = SettingBar;
			sourceTree = "<group>";
		};
		9B31C2C5284E404100D5092F /* SettingList */ = {
			isa = PBXGroup;
			children = (
				9B31C2C9284E407400D5092F /* SettingList.swift */,
			);
			path = SettingList;
			sourceTree = "<group>";
		};
		9B31C2CC284E422500D5092F /* ViewModels */ = {
			isa = PBXGroup;
			children = (
				9B31C2CD284E422D00D5092F /* SettingList */,
			);
			path = ViewModels;
			sourceTree = "<group>";
		};
		9B31C2CD284E422D00D5092F /* SettingList */ = {
			isa = PBXGroup;
			children = (
				9B31C2CE284E423A00D5092F /* SettingListViewModel.swift */,
			);
			path = SettingList;
			sourceTree = "<group>";
		};
		9B31C2D1284E47BF00D5092F /* ViewBuilders */ = {
			isa = PBXGroup;
			children = (
				9B31C2D2284E47DB00D5092F /* DismissButtonBuilder.swift */,
			);
			path = ViewBuilders;
			sourceTree = "<group>";
		};
		9B3A7D4A2875DA7800095441 /* Adapters */ = {
			isa = PBXGroup;
			children = (
				9B3A7D4B2875DA8300095441 /* Keychain */,
			);
			path = Adapters;
			sourceTree = "<group>";
		};
		9B3A7D4B2875DA8300095441 /* Keychain */ = {
			isa = PBXGroup;
			children = (
				9B3A7D4C2875DA9000095441 /* KeychainAdapter.swift */,
			);
			path = Keychain;
			sourceTree = "<group>";
		};
		9B3C34E7287142CF009D0DB7 /* Frameworks */ = {
			isa = PBXGroup;
			children = (
				9B3C34E8287142CF009D0DB7 /* WidgetKit.framework */,
				9B3C34EA287142CF009D0DB7 /* SwiftUI.framework */,
			);
			name = Frameworks;
			sourceTree = "<group>";
		};
		9B3C34FA28714596009D0DB7 /* CounterClockwiseQuote */ = {
			isa = PBXGroup;
			children = (
				9B3C34FB287145BC009D0DB7 /* CounterClockwiseQuote.swift */,
			);
			path = CounterClockwiseQuote;
			sourceTree = "<group>";
		};
		9B3C35072871E47F009D0DB7 /* CounterClockQuote */ = {
			isa = PBXGroup;
			children = (
				9B3C35082871E47F009D0DB7 /* CounterClockQuote.swift */,
				9B3C350A2871E481009D0DB7 /* Assets.xcassets */,
				9B3C350C2871E481009D0DB7 /* Info.plist */,
			);
			path = CounterClockQuote;
			sourceTree = "<group>";
		};
		9B4228D828436AC900DA29D2 /* Models */ = {
			isa = PBXGroup;
			children = (
				9B4228D928436ADA00DA29D2 /* Clockwork.swift */,
			);
			path = Models;
			sourceTree = "<group>";
		};
		9B4228DC2843900000DA29D2 /* Utilities */ = {
			isa = PBXGroup;
			children = (
				9B4228DD2843901300DA29D2 /* DateUtility.swift */,
				9B4228E42843A09800DA29D2 /* AngleUtility.swift */,
			);
			path = Utilities;
			sourceTree = "<group>";
		};
		9B42510328426E5C006D908C = {
			isa = PBXGroup;
			children = (
				9BAAAF30287490150015CC65 /* BackwardsClock (iOS).entitlements */,
				9B42510828426E5C006D908C /* Shared */,
				9B42511728426E5D006D908C /* macOS */,
				9B42512028426E5D006D908C /* Tests iOS */,
				9B42512C28426E5D006D908C /* Tests macOS */,
				9B3C35072871E47F009D0DB7 /* CounterClockQuote */,
				9B3C34E7287142CF009D0DB7 /* Frameworks */,
				9B42511128426E5D006D908C /* Products */,
			);
			sourceTree = "<group>";
		};
		9B42510828426E5C006D908C /* Shared */ = {
			isa = PBXGroup;
			children = (
				9BAAAF3B287590C50015CC65 /* remote_config_defaults.plist */,
				9BB3349A287343B2007C4A6E /* GoogleService-Info.plist */,
				9BB334A028734629007C4A6E /* AppDelegate.swift */,
				9B42510928426E5C006D908C /* BackwardsClockApp.swift */,
				9BAAAF312874930E0015CC65 /* Logger */,
				9B31C2AA284C5BE100D5092F /* Launch */,
				9B3A7D4A2875DA7800095441 /* Adapters */,
				9BA7974E28703FD70064C526 /* Constants */,
				9BA797472870394C0064C526 /* Managers */,
				9B42514C28431989006D908C /* Style */,
				9B31C2B1284CF31100D5092F /* Router */,
				9B4228DC2843900000DA29D2 /* Utilities */,
				9B4228D828436AC900DA29D2 /* Models */,
				9B42514528427032006D908C /* Views */,
				9B31C2CC284E422500D5092F /* ViewModels */,
				9B42510B28426E5D006D908C /* Assets.xcassets */,
			);
			path = Shared;
			sourceTree = "<group>";
		};
		9B42511128426E5D006D908C /* Products */ = {
			isa = PBXGroup;
			children = (
				9B42511028426E5D006D908C /* BackwardsClock.app */,
				9B42511628426E5D006D908C /* BackwardsClock.app */,
				9B42511D28426E5D006D908C /* Tests iOS.xctest */,
				9B42512928426E5D006D908C /* Tests macOS.xctest */,
				9B3C35042871E47F009D0DB7 /* CounterClockQuoteExtension.appex */,
			);
			name = Products;
			sourceTree = "<group>";
		};
		9B42511728426E5D006D908C /* macOS */ = {
			isa = PBXGroup;
			children = (
				9B42511828426E5D006D908C /* macOS.entitlements */,
			);
			path = macOS;
			sourceTree = "<group>";
		};
		9B42512028426E5D006D908C /* Tests iOS */ = {
			isa = PBXGroup;
			children = (
				9B42512128426E5D006D908C /* Tests_iOS.swift */,
				9B4228E22843909900DA29D2 /* DateUtilityTests.swift */,
				9B4228E92843A0C800DA29D2 /* AngleUtilityTests.swift */,
			);
			path = "Tests iOS";
			sourceTree = "<group>";
		};
		9B42512C28426E5D006D908C /* Tests macOS */ = {
			isa = PBXGroup;
			children = (
				9B42512D28426E5D006D908C /* Tests_macOS.swift */,
				9B42512F28426E5D006D908C /* Tests_macOSLaunchTests.swift */,
			);
			path = "Tests macOS";
			sourceTree = "<group>";
		};
		9B42514528427032006D908C /* Views */ = {
			isa = PBXGroup;
			children = (
				9BAAAF3E2875C04E0015CC65 /* AppleSignIn */,
				9B153C822856238400D19E74 /* AboutPage */,
				9B153D8B285C467300D19E74 /* HandsColorTheme */,
				9B31C2D1284E47BF00D5092F /* ViewBuilders */,
				9B31C2AD284C643900D5092F /* LaunchQuote */,
				9B3C34FA28714596009D0DB7 /* CounterClockwiseQuote */,
				9B6DD6ED286211BF00C86EF8 /* ShipQuote */,
				9B31C2B7284DC41600D5092F /* WebView */,
				9B31C2BB284DC5D700D5092F /* SettingBar */,
				9B31C2C5284E404100D5092F /* SettingList */,
				9B18A1B42849D6F4001F1EA2 /* DayCalendar */,
				9B4251462842705A006D908C /* ClockContainerView.swift */,
				9B42515C2843438B006D908C /* ClockTicksView.swift */,
				9B42515928434175006D908C /* ArcView.swift */,
				9B42515F28434A05006D908C /* BackwardsClockNumberView.swift */,
				9B42515628433C29006D908C /* ClockDialView.swift */,
				9B4228D52843691400DA29D2 /* HourHandView.swift */,
				9B4228CF284368D000DA29D2 /* MinuteHandView.swift */,
				9B42514928431768006D908C /* SecondHandView.swift */,
				9B4251532843245A006D908C /* HandShape.swift */,
			);
			path = Views;
			sourceTree = "<group>";
		};
		9B42514C28431989006D908C /* Style */ = {
			isa = PBXGroup;
			children = (
				9B42514D28431997006D908C /* BCColor.swift */,
			);
			path = Style;
			sourceTree = "<group>";
		};
		9B6DD6ED286211BF00C86EF8 /* ShipQuote */ = {
			isa = PBXGroup;
			children = (
				9B3C35162871EF37009D0DB7 /* ShipQuoteContainerView.swift */,
				9B6DD6EE286211E100C86EF8 /* ShipQuoteView.swift */,
			);
			path = ShipQuote;
			sourceTree = "<group>";
		};
		9BA797472870394C0064C526 /* Managers */ = {
			isa = PBXGroup;
			children = (
				9BAAAF422875C3000015CC65 /* AppleAuthManager */,
				9BAAAF37287495940015CC65 /* RemoteConfig */,
				9BB334AA2873BB92007C4A6E /* Analytics */,
				9BB334A92873BB89007C4A6E /* Theme */,
			);
			name = Managers;
			sourceTree = "<group>";
		};
		9BA7974E28703FD70064C526 /* Constants */ = {
			isa = PBXGroup;
			children = (
				9BA7974F28703FE70064C526 /* UserDefaultsKeys.swift */,
			);
			path = Constants;
			sourceTree = "<group>";
		};
		9BAAAF312874930E0015CC65 /* Logger */ = {
			isa = PBXGroup;
			children = (
				9BAAAF322874931D0015CC65 /* Logger.swift */,
			);
			path = Logger;
			sourceTree = "<group>";
		};
		9BAAAF37287495940015CC65 /* RemoteConfig */ = {
			isa = PBXGroup;
			children = (
				9BAAAF38287495A00015CC65 /* RemoteConfigManager.swift */,
			);
			name = RemoteConfig;
			sourceTree = "<group>";
		};
		9BAAAF3E2875C04E0015CC65 /* AppleSignIn */ = {
			isa = PBXGroup;
			children = (
				9BAAAF3F2875C0660015CC65 /* AppleSignInView.swift */,
			);
			path = AppleSignIn;
			sourceTree = "<group>";
		};
		9BAAAF422875C3000015CC65 /* AppleAuthManager */ = {
			isa = PBXGroup;
			children = (
				9BAAAF432875C3170015CC65 /* AppleAuthManager.swift */,
			);
			name = AppleAuthManager;
			sourceTree = "<group>";
		};
		9BB334A92873BB89007C4A6E /* Theme */ = {
			isa = PBXGroup;
			children = (
				9BA79748287039630064C526 /* ThemeManager.swift */,
			);
			name = Theme;
			sourceTree = "<group>";
		};
		9BB334AA2873BB92007C4A6E /* Analytics */ = {
			isa = PBXGroup;
			children = (
				9BB334AB2873BBA1007C4A6E /* AnalyticsManager.swift */,
			);
			name = Analytics;
			sourceTree = "<group>";
		};
/* End PBXGroup section */

/* Begin PBXNativeTarget section */
		9B3C35032871E47F009D0DB7 /* CounterClockQuoteExtension */ = {
			isa = PBXNativeTarget;
			buildConfigurationList = 9B3C35102871E481009D0DB7 /* Build configuration list for PBXNativeTarget "CounterClockQuoteExtension" */;
			buildPhases = (
				9B3C35002871E47F009D0DB7 /* Sources */,
				9B3C35012871E47F009D0DB7 /* Frameworks */,
				9B3C35022871E47F009D0DB7 /* Resources */,
			);
			buildRules = (
			);
			dependencies = (
			);
			name = CounterClockQuoteExtension;
			productName = CounterClockQuoteExtension;
			productReference = 9B3C35042871E47F009D0DB7 /* CounterClockQuoteExtension.appex */;
			productType = "com.apple.product-type.app-extension";
		};
		9B42510F28426E5D006D908C /* BackwardsClock (iOS) */ = {
			isa = PBXNativeTarget;
			buildConfigurationList = 9B42513928426E5D006D908C /* Build configuration list for PBXNativeTarget "BackwardsClock (iOS)" */;
			buildPhases = (
				9B42510C28426E5D006D908C /* Sources */,
				9B42510D28426E5D006D908C /* Frameworks */,
				9B42510E28426E5D006D908C /* Resources */,
				9B3C34F5287142D0009D0DB7 /* Embed App Extensions */,
				9BB334AD2873BC48007C4A6E /* Crashlytics */,
			);
			buildRules = (
			);
			dependencies = (
				9B3C350E2871E481009D0DB7 /* PBXTargetDependency */,
			);
			name = "BackwardsClock (iOS)";
			packageProductDependencies = (
				9BAAAF262873F0790015CC65 /* FirebaseCrashlytics */,
				9BAAAF282873F0790015CC65 /* FirebaseMessaging */,
				9BAAAF2C287414A80015CC65 /* FirebaseAnalyticsWithoutAdIdSupport */,
				9BAAAF35287495880015CC65 /* FirebaseRemoteConfig */,
				9B3A7D482875DA6F00095441 /* KeychainAccess */,
			);
			productName = "BackwardsClock (iOS)";
			productReference = 9B42511028426E5D006D908C /* BackwardsClock.app */;
			productType = "com.apple.product-type.application";
		};
		9B42511528426E5D006D908C /* BackwardsClock (macOS) */ = {
			isa = PBXNativeTarget;
			buildConfigurationList = 9B42513C28426E5D006D908C /* Build configuration list for PBXNativeTarget "BackwardsClock (macOS)" */;
			buildPhases = (
				9B42511228426E5D006D908C /* Sources */,
				9B42511328426E5D006D908C /* Frameworks */,
				9B42511428426E5D006D908C /* Resources */,
			);
			buildRules = (
			);
			dependencies = (
			);
			name = "BackwardsClock (macOS)";
			productName = "BackwardsClock (macOS)";
			productReference = 9B42511628426E5D006D908C /* BackwardsClock.app */;
			productType = "com.apple.product-type.application";
		};
		9B42511C28426E5D006D908C /* Tests iOS */ = {
			isa = PBXNativeTarget;
			buildConfigurationList = 9B42513F28426E5D006D908C /* Build configuration list for PBXNativeTarget "Tests iOS" */;
			buildPhases = (
				9B42511928426E5D006D908C /* Sources */,
				9B42511A28426E5D006D908C /* Frameworks */,
				9B42511B28426E5D006D908C /* Resources */,
			);
			buildRules = (
			);
			dependencies = (
				9B42511F28426E5D006D908C /* PBXTargetDependency */,
			);
			name = "Tests iOS";
			productName = "Tests iOS";
			productReference = 9B42511D28426E5D006D908C /* Tests iOS.xctest */;
			productType = "com.apple.product-type.bundle.ui-testing";
		};
		9B42512828426E5D006D908C /* Tests macOS */ = {
			isa = PBXNativeTarget;
			buildConfigurationList = 9B42514228426E5D006D908C /* Build configuration list for PBXNativeTarget "Tests macOS" */;
			buildPhases = (
				9B42512528426E5D006D908C /* Sources */,
				9B42512628426E5D006D908C /* Frameworks */,
				9B42512728426E5D006D908C /* Resources */,
			);
			buildRules = (
			);
			dependencies = (
				9B42512B28426E5D006D908C /* PBXTargetDependency */,
			);
			name = "Tests macOS";
			productName = "Tests macOS";
			productReference = 9B42512928426E5D006D908C /* Tests macOS.xctest */;
			productType = "com.apple.product-type.bundle.ui-testing";
		};
/* End PBXNativeTarget section */

/* Begin PBXProject section */
		9B42510428426E5C006D908C /* Project object */ = {
			isa = PBXProject;
			attributes = {
				BuildIndependentTargetsInParallel = 1;
				LastSwiftUpdateCheck = 1320;
				LastUpgradeCheck = 1320;
				TargetAttributes = {
					9B3C35032871E47F009D0DB7 = {
						CreatedOnToolsVersion = 13.2.1;
					};
					9B42510F28426E5D006D908C = {
						CreatedOnToolsVersion = 13.2.1;
					};
					9B42511528426E5D006D908C = {
						CreatedOnToolsVersion = 13.2.1;
					};
					9B42511C28426E5D006D908C = {
						CreatedOnToolsVersion = 13.2.1;
						TestTargetID = 9B42510F28426E5D006D908C;
					};
					9B42512828426E5D006D908C = {
						CreatedOnToolsVersion = 13.2.1;
						TestTargetID = 9B42511528426E5D006D908C;
					};
				};
			};
			buildConfigurationList = 9B42510728426E5C006D908C /* Build configuration list for PBXProject "BackwardsClock" */;
			compatibilityVersion = "Xcode 11.4";
			developmentRegion = en;
			hasScannedForEncodings = 0;
			knownRegions = (
				en,
				Base,
			);
			mainGroup = 9B42510328426E5C006D908C;
			packageReferences = (
				9BAAAF232873F0790015CC65 /* XCRemoteSwiftPackageReference "firebase-ios-sdk" */,
				9B3A7D472875DA6F00095441 /* XCRemoteSwiftPackageReference "KeychainAccess" */,
			);
			productRefGroup = 9B42511128426E5D006D908C /* Products */;
			projectDirPath = "";
			projectRoot = "";
			targets = (
				9B42510F28426E5D006D908C /* BackwardsClock (iOS) */,
				9B42511528426E5D006D908C /* BackwardsClock (macOS) */,
				9B42511C28426E5D006D908C /* Tests iOS */,
				9B42512828426E5D006D908C /* Tests macOS */,
				9B3C35032871E47F009D0DB7 /* CounterClockQuoteExtension */,
			);
		};
/* End PBXProject section */

/* Begin PBXResourcesBuildPhase section */
		9B3C35022871E47F009D0DB7 /* Resources */ = {
			isa = PBXResourcesBuildPhase;
			buildActionMask = 2147483647;
			files = (
				9B3C350B2871E481009D0DB7 /* Assets.xcassets in Resources */,
			);
			runOnlyForDeploymentPostprocessing = 0;
		};
		9B42510E28426E5D006D908C /* Resources */ = {
			isa = PBXResourcesBuildPhase;
			buildActionMask = 2147483647;
			files = (
				9B31C2AC284C5BEB00D5092F /* Launch Screen.storyboard in Resources */,
				9B42513528426E5D006D908C /* Assets.xcassets in Resources */,
				9BAAAF3C287590C50015CC65 /* remote_config_defaults.plist in Resources */,
				9BB3349B287343B2007C4A6E /* GoogleService-Info.plist in Resources */,
			);
			runOnlyForDeploymentPostprocessing = 0;
		};
		9B42511428426E5D006D908C /* Resources */ = {
			isa = PBXResourcesBuildPhase;
			buildActionMask = 2147483647;
			files = (
				9B42513628426E5D006D908C /* Assets.xcassets in Resources */,
				9BB3349C287343B2007C4A6E /* GoogleService-Info.plist in Resources */,
				9BAAAF3D287590C50015CC65 /* remote_config_defaults.plist in Resources */,
			);
			runOnlyForDeploymentPostprocessing = 0;
		};
		9B42511B28426E5D006D908C /* Resources */ = {
			isa = PBXResourcesBuildPhase;
			buildActionMask = 2147483647;
			files = (
			);
			runOnlyForDeploymentPostprocessing = 0;
		};
		9B42512728426E5D006D908C /* Resources */ = {
			isa = PBXResourcesBuildPhase;
			buildActionMask = 2147483647;
			files = (
			);
			runOnlyForDeploymentPostprocessing = 0;
		};
/* End PBXResourcesBuildPhase section */

/* Begin PBXShellScriptBuildPhase section */
		9BB334AD2873BC48007C4A6E /* Crashlytics */ = {
			isa = PBXShellScriptBuildPhase;
			buildActionMask = 2147483647;
			files = (
			);
			inputFileListPaths = (
			);
			inputPaths = (
				"${DWARF_DSYM_FOLDER_PATH}/${DWARF_DSYM_FILE_NAME}/Contents/Resources/DWARF/${TARGET_NAME}",
				"$(SRCROOT)/$(BUILT_PRODUCTS_DIR)/$(INFOPLIST_PATH)",
			);
			name = Crashlytics;
			outputFileListPaths = (
			);
			outputPaths = (
			);
			runOnlyForDeploymentPostprocessing = 0;
			shellPath = /bin/sh;
			shellScript = "# Type a script or drag a script file from your workspace to insert its path.\n\"${BUILD_DIR%/Build/*}/SourcePackages/checkouts/firebase-ios-sdk/Crashlytics/run\"\n";
		};
/* End PBXShellScriptBuildPhase section */

/* Begin PBXSourcesBuildPhase section */
		9B3C35002871E47F009D0DB7 /* Sources */ = {
			isa = PBXSourcesBuildPhase;
			buildActionMask = 2147483647;
			files = (
				9B3C35132871E4C4009D0DB7 /* CounterClockwiseQuote.swift in Sources */,
				9B3C35092871E47F009D0DB7 /* CounterClockQuote.swift in Sources */,
				9B3C35142871E51C009D0DB7 /* BCColor.swift in Sources */,
				9B3C35152871EEEC009D0DB7 /* ShipQuoteView.swift in Sources */,
			);
			runOnlyForDeploymentPostprocessing = 0;
		};
		9B42510C28426E5D006D908C /* Sources */ = {
			isa = PBXSourcesBuildPhase;
			buildActionMask = 2147483647;
			files = (
				9BB334A128734629007C4A6E /* AppDelegate.swift in Sources */,
				9B153C842856239400D19E74 /* AboutPage.swift in Sources */,
				9B4228DE2843901300DA29D2 /* DateUtility.swift in Sources */,
				9B4251542843245A006D908C /* HandShape.swift in Sources */,
				9B4228D0284368D000DA29D2 /* MinuteHandView.swift in Sources */,
				9BAAAF39287495A00015CC65 /* RemoteConfigManager.swift in Sources */,
				9B31C2CF284E423A00D5092F /* SettingListViewModel.swift in Sources */,
				9BAAAF402875C0660015CC65 /* AppleSignInView.swift in Sources */,
				9B42515728433C29006D908C /* ClockDialView.swift in Sources */,
				9B3C34FC287145BC009D0DB7 /* CounterClockwiseQuote.swift in Sources */,
				9B31C2CA284E407400D5092F /* SettingList.swift in Sources */,
				9B6DD6EF286211E100C86EF8 /* ShipQuoteView.swift in Sources */,
				9B18A1BC2849E139001F1EA2 /* DrawArc.swift in Sources */,
				9B4228D62843691400DA29D2 /* HourHandView.swift in Sources */,
				9B31C2B9284DC43300D5092F /* BCWebView.swift in Sources */,
				9B42514E28431997006D908C /* BCColor.swift in Sources */,
				9B3A7D4D2875DA9000095441 /* KeychainAdapter.swift in Sources */,
				9BA7975028703FE70064C526 /* UserDefaultsKeys.swift in Sources */,
				9B153D8D285C468800D19E74 /* HandsColorThemeView.swift in Sources */,
				9B4228E52843A09800DA29D2 /* AngleUtility.swift in Sources */,
				9B18A1B62849D704001F1EA2 /* DayCalendarView.swift in Sources */,
				9B31C2A7284A56EC00D5092F /* CalendarMetalRing.swift in Sources */,
				9B42513128426E5D006D908C /* BackwardsClockApp.swift in Sources */,
				9B42514A28431768006D908C /* SecondHandView.swift in Sources */,
				9B31C2B3284CF32700D5092F /* Router.swift in Sources */,
				9B42515A28434176006D908C /* ArcView.swift in Sources */,
				9B31C2BD284DC5E500D5092F /* SettingBarView.swift in Sources */,
				9B3C35172871EF37009D0DB7 /* ShipQuoteContainerView.swift in Sources */,
				9BAAAF332874931E0015CC65 /* Logger.swift in Sources */,
				9B4228DA28436ADA00DA29D2 /* Clockwork.swift in Sources */,
				9B18A1B92849DA0A001F1EA2 /* CalendarUpperBar.swift in Sources */,
				9B31C2D3284E47DB00D5092F /* DismissButtonBuilder.swift in Sources */,
				9BB334AC2873BBA1007C4A6E /* AnalyticsManager.swift in Sources */,
				9BAAAF442875C3170015CC65 /* AppleAuthManager.swift in Sources */,
				9B4251472842705A006D908C /* ClockContainerView.swift in Sources */,
				9B42516028434A05006D908C /* BackwardsClockNumberView.swift in Sources */,
				9B31C2AF284C645500D5092F /* LaunchQuoteView.swift in Sources */,
				9B42515D2843438B006D908C /* ClockTicksView.swift in Sources */,
				9BA79749287039630064C526 /* ThemeManager.swift in Sources */,
			);
			runOnlyForDeploymentPostprocessing = 0;
		};
		9B42511228426E5D006D908C /* Sources */ = {
			isa = PBXSourcesBuildPhase;
			buildActionMask = 2147483647;
			files = (
				9B153C852856239400D19E74 /* AboutPage.swift in Sources */,
				9BAAAF342874931E0015CC65 /* Logger.swift in Sources */,
				9B4228E02843905600DA29D2 /* DateUtility.swift in Sources */,
				9B4251552843245A006D908C /* HandShape.swift in Sources */,
				9B4228D1284368D000DA29D2 /* MinuteHandView.swift in Sources */,
				9B31C2D0284E423A00D5092F /* SettingListViewModel.swift in Sources */,
				9B42515828433C29006D908C /* ClockDialView.swift in Sources */,
				9B3C34FD287145BC009D0DB7 /* CounterClockwiseQuote.swift in Sources */,
				9B31C2CB284E407400D5092F /* SettingList.swift in Sources */,
				9BAAAF3A287495A00015CC65 /* RemoteConfigManager.swift in Sources */,
				9B6DD6F0286211E100C86EF8 /* ShipQuoteView.swift in Sources */,
				9B18A1BD2849E139001F1EA2 /* DrawArc.swift in Sources */,
				9BAAAF452875C3170015CC65 /* AppleAuthManager.swift in Sources */,
				9B4228D72843691400DA29D2 /* HourHandView.swift in Sources */,
				9B31C2BA284DC43300D5092F /* BCWebView.swift in Sources */,
				9BAAAF412875C0660015CC65 /* AppleSignInView.swift in Sources */,
				9B42514F28431997006D908C /* BCColor.swift in Sources */,
				9BA7975128703FE70064C526 /* UserDefaultsKeys.swift in Sources */,
				9B153D8E285C468800D19E74 /* HandsColorThemeView.swift in Sources */,
				9B3A7D4E2875DA9000095441 /* KeychainAdapter.swift in Sources */,
				9B4228E62843A09800DA29D2 /* AngleUtility.swift in Sources */,
				9B18A1B72849D704001F1EA2 /* DayCalendarView.swift in Sources */,
				9B31C2A8284A56EC00D5092F /* CalendarMetalRing.swift in Sources */,
				9B42513228426E5D006D908C /* BackwardsClockApp.swift in Sources */,
				9B42514B28431768006D908C /* SecondHandView.swift in Sources */,
				9B31C2B4284CF32700D5092F /* Router.swift in Sources */,
				9B42515B28434176006D908C /* ArcView.swift in Sources */,
				9B31C2BE284DC5E500D5092F /* SettingBarView.swift in Sources */,
				9B3C35182871EF37009D0DB7 /* ShipQuoteContainerView.swift in Sources */,
				9B4228DB28436ADA00DA29D2 /* Clockwork.swift in Sources */,
				9B18A1BA2849DA0A001F1EA2 /* CalendarUpperBar.swift in Sources */,
				9B31C2D4284E47DB00D5092F /* DismissButtonBuilder.swift in Sources */,
				9B4251482842705A006D908C /* ClockContainerView.swift in Sources */,
				9B42516128434A05006D908C /* BackwardsClockNumberView.swift in Sources */,
				9B31C2B0284C645500D5092F /* LaunchQuoteView.swift in Sources */,
				9B42515E2843438B006D908C /* ClockTicksView.swift in Sources */,
				9BA7974A287039630064C526 /* ThemeManager.swift in Sources */,
			);
			runOnlyForDeploymentPostprocessing = 0;
		};
		9B42511928426E5D006D908C /* Sources */ = {
			isa = PBXSourcesBuildPhase;
			buildActionMask = 2147483647;
			files = (
				9B4228EA2843A0C800DA29D2 /* AngleUtilityTests.swift in Sources */,
				9B4228E72843A09800DA29D2 /* AngleUtility.swift in Sources */,
				9B4228DF2843905600DA29D2 /* DateUtility.swift in Sources */,
				9B4228E32843909900DA29D2 /* DateUtilityTests.swift in Sources */,
				9B42512228426E5D006D908C /* Tests_iOS.swift in Sources */,
			);
			runOnlyForDeploymentPostprocessing = 0;
		};
		9B42512528426E5D006D908C /* Sources */ = {
			isa = PBXSourcesBuildPhase;
			buildActionMask = 2147483647;
			files = (
				9B4228E82843A09800DA29D2 /* AngleUtility.swift in Sources */,
				9B42513028426E5D006D908C /* Tests_macOSLaunchTests.swift in Sources */,
				9B4228E12843905700DA29D2 /* DateUtility.swift in Sources */,
				9B42512E28426E5D006D908C /* Tests_macOS.swift in Sources */,
			);
			runOnlyForDeploymentPostprocessing = 0;
		};
/* End PBXSourcesBuildPhase section */

/* Begin PBXTargetDependency section */
		9B3C350E2871E481009D0DB7 /* PBXTargetDependency */ = {
			isa = PBXTargetDependency;
			target = 9B3C35032871E47F009D0DB7 /* CounterClockQuoteExtension */;
			targetProxy = 9B3C350D2871E481009D0DB7 /* PBXContainerItemProxy */;
		};
		9B42511F28426E5D006D908C /* PBXTargetDependency */ = {
			isa = PBXTargetDependency;
			target = 9B42510F28426E5D006D908C /* BackwardsClock (iOS) */;
			targetProxy = 9B42511E28426E5D006D908C /* PBXContainerItemProxy */;
		};
		9B42512B28426E5D006D908C /* PBXTargetDependency */ = {
			isa = PBXTargetDependency;
			target = 9B42511528426E5D006D908C /* BackwardsClock (macOS) */;
			targetProxy = 9B42512A28426E5D006D908C /* PBXContainerItemProxy */;
		};
/* End PBXTargetDependency section */

/* Begin XCBuildConfiguration section */
		9B3C35112871E481009D0DB7 /* Debug */ = {
			isa = XCBuildConfiguration;
			buildSettings = {
				ASSETCATALOG_COMPILER_GLOBAL_ACCENT_COLOR_NAME = AccentColor;
				ASSETCATALOG_COMPILER_WIDGET_BACKGROUND_COLOR_NAME = WidgetBackground;
				CODE_SIGN_STYLE = Automatic;
				CURRENT_PROJECT_VERSION = 2022070602;
				DEVELOPMENT_TEAM = PJPD95M4QP;
				GENERATE_INFOPLIST_FILE = YES;
				INFOPLIST_FILE = CounterClockQuote/Info.plist;
				INFOPLIST_KEY_CFBundleDisplayName = CounterClockQuote;
				INFOPLIST_KEY_NSHumanReadableCopyright = "";
				IPHONEOS_DEPLOYMENT_TARGET = 15.0;
				LD_RUNPATH_SEARCH_PATHS = (
					"$(inherited)",
					"@executable_path/Frameworks",
					"@executable_path/../../Frameworks",
				);
				MARKETING_VERSION = 0.9;
				PRODUCT_BUNDLE_IDENTIFIER = io.marvinLin.BackwardsClock.CounterClockQuote;
				PRODUCT_NAME = "$(TARGET_NAME)";
				SDKROOT = iphoneos;
				SKIP_INSTALL = YES;
				SWIFT_EMIT_LOC_STRINGS = YES;
				SWIFT_VERSION = 5.0;
				TARGETED_DEVICE_FAMILY = 1;
			};
			name = Debug;
		};
		9B3C35122871E481009D0DB7 /* Release */ = {
			isa = XCBuildConfiguration;
			buildSettings = {
				ASSETCATALOG_COMPILER_GLOBAL_ACCENT_COLOR_NAME = AccentColor;
				ASSETCATALOG_COMPILER_WIDGET_BACKGROUND_COLOR_NAME = WidgetBackground;
				CODE_SIGN_STYLE = Automatic;
				CURRENT_PROJECT_VERSION = 2022070602;
				DEVELOPMENT_TEAM = PJPD95M4QP;
				GENERATE_INFOPLIST_FILE = YES;
				INFOPLIST_FILE = CounterClockQuote/Info.plist;
				INFOPLIST_KEY_CFBundleDisplayName = CounterClockQuote;
				INFOPLIST_KEY_NSHumanReadableCopyright = "";
				IPHONEOS_DEPLOYMENT_TARGET = 15.0;
				LD_RUNPATH_SEARCH_PATHS = (
					"$(inherited)",
					"@executable_path/Frameworks",
					"@executable_path/../../Frameworks",
				);
				MARKETING_VERSION = 0.9;
				PRODUCT_BUNDLE_IDENTIFIER = io.marvinLin.BackwardsClock.CounterClockQuote;
				PRODUCT_NAME = "$(TARGET_NAME)";
				SDKROOT = iphoneos;
				SKIP_INSTALL = YES;
				SWIFT_EMIT_LOC_STRINGS = YES;
				SWIFT_VERSION = 5.0;
				TARGETED_DEVICE_FAMILY = 1;
				VALIDATE_PRODUCT = YES;
			};
			name = Release;
		};
		9B42513728426E5D006D908C /* Debug */ = {
			isa = XCBuildConfiguration;
			buildSettings = {
				ALWAYS_SEARCH_USER_PATHS = NO;
				CLANG_ANALYZER_NONNULL = YES;
				CLANG_ANALYZER_NUMBER_OBJECT_CONVERSION = YES_AGGRESSIVE;
				CLANG_CXX_LANGUAGE_STANDARD = "gnu++17";
				CLANG_CXX_LIBRARY = "libc++";
				CLANG_ENABLE_MODULES = YES;
				CLANG_ENABLE_OBJC_ARC = YES;
				CLANG_ENABLE_OBJC_WEAK = YES;
				CLANG_WARN_BLOCK_CAPTURE_AUTORELEASING = YES;
				CLANG_WARN_BOOL_CONVERSION = YES;
				CLANG_WARN_COMMA = YES;
				CLANG_WARN_CONSTANT_CONVERSION = YES;
				CLANG_WARN_DEPRECATED_OBJC_IMPLEMENTATIONS = YES;
				CLANG_WARN_DIRECT_OBJC_ISA_USAGE = YES_ERROR;
				CLANG_WARN_DOCUMENTATION_COMMENTS = YES;
				CLANG_WARN_EMPTY_BODY = YES;
				CLANG_WARN_ENUM_CONVERSION = YES;
				CLANG_WARN_INFINITE_RECURSION = YES;
				CLANG_WARN_INT_CONVERSION = YES;
				CLANG_WARN_NON_LITERAL_NULL_CONVERSION = YES;
				CLANG_WARN_OBJC_IMPLICIT_RETAIN_SELF = YES;
				CLANG_WARN_OBJC_LITERAL_CONVERSION = YES;
				CLANG_WARN_OBJC_ROOT_CLASS = YES_ERROR;
				CLANG_WARN_QUOTED_INCLUDE_IN_FRAMEWORK_HEADER = YES;
				CLANG_WARN_RANGE_LOOP_ANALYSIS = YES;
				CLANG_WARN_STRICT_PROTOTYPES = YES;
				CLANG_WARN_SUSPICIOUS_MOVE = YES;
				CLANG_WARN_UNGUARDED_AVAILABILITY = YES_AGGRESSIVE;
				CLANG_WARN_UNREACHABLE_CODE = YES;
				CLANG_WARN__DUPLICATE_METHOD_MATCH = YES;
				COPY_PHASE_STRIP = NO;
				DEBUG_INFORMATION_FORMAT = dwarf;
				ENABLE_STRICT_OBJC_MSGSEND = YES;
				ENABLE_TESTABILITY = YES;
				GCC_C_LANGUAGE_STANDARD = gnu11;
				GCC_DYNAMIC_NO_PIC = NO;
				GCC_NO_COMMON_BLOCKS = YES;
				GCC_OPTIMIZATION_LEVEL = 0;
				GCC_PREPROCESSOR_DEFINITIONS = (
					"DEBUG=1",
					"$(inherited)",
				);
				GCC_WARN_64_TO_32_BIT_CONVERSION = YES;
				GCC_WARN_ABOUT_RETURN_TYPE = YES_ERROR;
				GCC_WARN_UNDECLARED_SELECTOR = YES;
				GCC_WARN_UNINITIALIZED_AUTOS = YES_AGGRESSIVE;
				GCC_WARN_UNUSED_FUNCTION = YES;
				GCC_WARN_UNUSED_VARIABLE = YES;
				MTL_ENABLE_DEBUG_INFO = INCLUDE_SOURCE;
				MTL_FAST_MATH = YES;
				ONLY_ACTIVE_ARCH = YES;
				SWIFT_ACTIVE_COMPILATION_CONDITIONS = DEBUG;
				SWIFT_OPTIMIZATION_LEVEL = "-Onone";
			};
			name = Debug;
		};
		9B42513828426E5D006D908C /* Release */ = {
			isa = XCBuildConfiguration;
			buildSettings = {
				ALWAYS_SEARCH_USER_PATHS = NO;
				CLANG_ANALYZER_NONNULL = YES;
				CLANG_ANALYZER_NUMBER_OBJECT_CONVERSION = YES_AGGRESSIVE;
				CLANG_CXX_LANGUAGE_STANDARD = "gnu++17";
				CLANG_CXX_LIBRARY = "libc++";
				CLANG_ENABLE_MODULES = YES;
				CLANG_ENABLE_OBJC_ARC = YES;
				CLANG_ENABLE_OBJC_WEAK = YES;
				CLANG_WARN_BLOCK_CAPTURE_AUTORELEASING = YES;
				CLANG_WARN_BOOL_CONVERSION = YES;
				CLANG_WARN_COMMA = YES;
				CLANG_WARN_CONSTANT_CONVERSION = YES;
				CLANG_WARN_DEPRECATED_OBJC_IMPLEMENTATIONS = YES;
				CLANG_WARN_DIRECT_OBJC_ISA_USAGE = YES_ERROR;
				CLANG_WARN_DOCUMENTATION_COMMENTS = YES;
				CLANG_WARN_EMPTY_BODY = YES;
				CLANG_WARN_ENUM_CONVERSION = YES;
				CLANG_WARN_INFINITE_RECURSION = YES;
				CLANG_WARN_INT_CONVERSION = YES;
				CLANG_WARN_NON_LITERAL_NULL_CONVERSION = YES;
				CLANG_WARN_OBJC_IMPLICIT_RETAIN_SELF = YES;
				CLANG_WARN_OBJC_LITERAL_CONVERSION = YES;
				CLANG_WARN_OBJC_ROOT_CLASS = YES_ERROR;
				CLANG_WARN_QUOTED_INCLUDE_IN_FRAMEWORK_HEADER = YES;
				CLANG_WARN_RANGE_LOOP_ANALYSIS = YES;
				CLANG_WARN_STRICT_PROTOTYPES = YES;
				CLANG_WARN_SUSPICIOUS_MOVE = YES;
				CLANG_WARN_UNGUARDED_AVAILABILITY = YES_AGGRESSIVE;
				CLANG_WARN_UNREACHABLE_CODE = YES;
				CLANG_WARN__DUPLICATE_METHOD_MATCH = YES;
				COPY_PHASE_STRIP = NO;
				DEBUG_INFORMATION_FORMAT = "dwarf-with-dsym";
				ENABLE_NS_ASSERTIONS = NO;
				ENABLE_STRICT_OBJC_MSGSEND = YES;
				GCC_C_LANGUAGE_STANDARD = gnu11;
				GCC_NO_COMMON_BLOCKS = YES;
				GCC_WARN_64_TO_32_BIT_CONVERSION = YES;
				GCC_WARN_ABOUT_RETURN_TYPE = YES_ERROR;
				GCC_WARN_UNDECLARED_SELECTOR = YES;
				GCC_WARN_UNINITIALIZED_AUTOS = YES_AGGRESSIVE;
				GCC_WARN_UNUSED_FUNCTION = YES;
				GCC_WARN_UNUSED_VARIABLE = YES;
				MTL_ENABLE_DEBUG_INFO = NO;
				MTL_FAST_MATH = YES;
				SWIFT_COMPILATION_MODE = wholemodule;
				SWIFT_OPTIMIZATION_LEVEL = "-O";
			};
			name = Release;
		};
		9B42513A28426E5D006D908C /* Debug */ = {
			isa = XCBuildConfiguration;
			buildSettings = {
				ALWAYS_EMBED_SWIFT_STANDARD_LIBRARIES = YES;
				ASSETCATALOG_COMPILER_APPICON_NAME = AppIcon;
				ASSETCATALOG_COMPILER_GLOBAL_ACCENT_COLOR_NAME = AccentColor;
				CODE_SIGN_ENTITLEMENTS = "BackwardsClock (iOS).entitlements";
				CODE_SIGN_STYLE = Automatic;
				CURRENT_PROJECT_VERSION = 2022070602;
				DEBUG_INFORMATION_FORMAT = "dwarf-with-dsym";
				DEVELOPMENT_TEAM = PJPD95M4QP;
				ENABLE_PREVIEWS = YES;
				GENERATE_INFOPLIST_FILE = YES;
				INFOPLIST_FILE = "BackwardsClock--iOS--Info.plist";
				INFOPLIST_KEY_CFBundleDisplayName = "Backwards Clock";
				INFOPLIST_KEY_LSApplicationCategoryType = "";
				INFOPLIST_KEY_UIApplicationSceneManifest_Generation = YES;
				INFOPLIST_KEY_UIApplicationSupportsIndirectInputEvents = YES;
				INFOPLIST_KEY_UILaunchStoryboardName = "Launch Screen";
				INFOPLIST_KEY_UISupportedInterfaceOrientations = UIInterfaceOrientationPortrait;
				INFOPLIST_KEY_UISupportedInterfaceOrientations_iPad = "UIInterfaceOrientationPortrait UIInterfaceOrientationPortraitUpsideDown UIInterfaceOrientationLandscapeLeft UIInterfaceOrientationLandscapeRight";
				INFOPLIST_KEY_UISupportedInterfaceOrientations_iPhone = "UIInterfaceOrientationPortrait UIInterfaceOrientationLandscapeLeft UIInterfaceOrientationLandscapeRight";
				INFOPLIST_KEY_UIUserInterfaceStyle = Light;
				IPHONEOS_DEPLOYMENT_TARGET = 15.0;
				LD_RUNPATH_SEARCH_PATHS = (
					"$(inherited)",
					"@executable_path/Frameworks",
				);
				MARKETING_VERSION = 0.9;
				PRODUCT_BUNDLE_IDENTIFIER = io.marvinLin.BackwardsClock;
				PRODUCT_NAME = BackwardsClock;
				SDKROOT = iphoneos;
				SWIFT_EMIT_LOC_STRINGS = YES;
				SWIFT_VERSION = 5.0;
				TARGETED_DEVICE_FAMILY = 1;
			};
			name = Debug;
		};
		9B42513B28426E5D006D908C /* Release */ = {
			isa = XCBuildConfiguration;
			buildSettings = {
				ALWAYS_EMBED_SWIFT_STANDARD_LIBRARIES = YES;
				ASSETCATALOG_COMPILER_APPICON_NAME = AppIcon;
				ASSETCATALOG_COMPILER_GLOBAL_ACCENT_COLOR_NAME = AccentColor;
				CODE_SIGN_ENTITLEMENTS = "BackwardsClock (iOS).entitlements";
				CODE_SIGN_STYLE = Automatic;
				CURRENT_PROJECT_VERSION = 2022070602;
				DEBUG_INFORMATION_FORMAT = "dwarf-with-dsym";
				DEVELOPMENT_TEAM = PJPD95M4QP;
				ENABLE_PREVIEWS = YES;
				GENERATE_INFOPLIST_FILE = YES;
				INFOPLIST_FILE = "BackwardsClock--iOS--Info.plist";
				INFOPLIST_KEY_CFBundleDisplayName = "Backwards Clock";
				INFOPLIST_KEY_LSApplicationCategoryType = "";
				INFOPLIST_KEY_UIApplicationSceneManifest_Generation = YES;
				INFOPLIST_KEY_UIApplicationSupportsIndirectInputEvents = YES;
				INFOPLIST_KEY_UILaunchStoryboardName = "Launch Screen";
				INFOPLIST_KEY_UISupportedInterfaceOrientations = UIInterfaceOrientationPortrait;
				INFOPLIST_KEY_UISupportedInterfaceOrientations_iPad = "UIInterfaceOrientationPortrait UIInterfaceOrientationPortraitUpsideDown UIInterfaceOrientationLandscapeLeft UIInterfaceOrientationLandscapeRight";
				INFOPLIST_KEY_UISupportedInterfaceOrientations_iPhone = "UIInterfaceOrientationPortrait UIInterfaceOrientationLandscapeLeft UIInterfaceOrientationLandscapeRight";
				INFOPLIST_KEY_UIUserInterfaceStyle = Light;
				IPHONEOS_DEPLOYMENT_TARGET = 15.0;
				LD_RUNPATH_SEARCH_PATHS = (
					"$(inherited)",
					"@executable_path/Frameworks",
				);
				MARKETING_VERSION = 0.9;
				PRODUCT_BUNDLE_IDENTIFIER = io.marvinLin.BackwardsClock;
				PRODUCT_NAME = BackwardsClock;
				SDKROOT = iphoneos;
				SWIFT_EMIT_LOC_STRINGS = YES;
				SWIFT_VERSION = 5.0;
				TARGETED_DEVICE_FAMILY = 1;
				VALIDATE_PRODUCT = YES;
			};
			name = Release;
		};
		9B42513D28426E5D006D908C /* Debug */ = {
			isa = XCBuildConfiguration;
			buildSettings = {
				ASSETCATALOG_COMPILER_APPICON_NAME = AppIcon;
				ASSETCATALOG_COMPILER_GLOBAL_ACCENT_COLOR_NAME = AccentColor;
				CODE_SIGN_ENTITLEMENTS = macOS/macOS.entitlements;
				CODE_SIGN_STYLE = Automatic;
				COMBINE_HIDPI_IMAGES = YES;
				CURRENT_PROJECT_VERSION = 1;
				DEVELOPMENT_TEAM = PJPD95M4QP;
				ENABLE_HARDENED_RUNTIME = YES;
				ENABLE_PREVIEWS = YES;
				GENERATE_INFOPLIST_FILE = YES;
				INFOPLIST_KEY_NSHumanReadableCopyright = "";
				LD_RUNPATH_SEARCH_PATHS = (
					"$(inherited)",
					"@executable_path/../Frameworks",
				);
				MACOSX_DEPLOYMENT_TARGET = 11.0;
				MARKETING_VERSION = 1.0;
				PRODUCT_BUNDLE_IDENTIFIER = io.marvinLin.BackwardsClock;
				PRODUCT_NAME = BackwardsClock;
				SDKROOT = macosx;
				SWIFT_EMIT_LOC_STRINGS = YES;
				SWIFT_VERSION = 5.0;
			};
			name = Debug;
		};
		9B42513E28426E5D006D908C /* Release */ = {
			isa = XCBuildConfiguration;
			buildSettings = {
				ASSETCATALOG_COMPILER_APPICON_NAME = AppIcon;
				ASSETCATALOG_COMPILER_GLOBAL_ACCENT_COLOR_NAME = AccentColor;
				CODE_SIGN_ENTITLEMENTS = macOS/macOS.entitlements;
				CODE_SIGN_STYLE = Automatic;
				COMBINE_HIDPI_IMAGES = YES;
				CURRENT_PROJECT_VERSION = 1;
				DEVELOPMENT_TEAM = PJPD95M4QP;
				ENABLE_HARDENED_RUNTIME = YES;
				ENABLE_PREVIEWS = YES;
				GENERATE_INFOPLIST_FILE = YES;
				INFOPLIST_KEY_NSHumanReadableCopyright = "";
				LD_RUNPATH_SEARCH_PATHS = (
					"$(inherited)",
					"@executable_path/../Frameworks",
				);
				MACOSX_DEPLOYMENT_TARGET = 11.0;
				MARKETING_VERSION = 1.0;
				PRODUCT_BUNDLE_IDENTIFIER = io.marvinLin.BackwardsClock;
				PRODUCT_NAME = BackwardsClock;
				SDKROOT = macosx;
				SWIFT_EMIT_LOC_STRINGS = YES;
				SWIFT_VERSION = 5.0;
			};
			name = Release;
		};
		9B42514028426E5D006D908C /* Debug */ = {
			isa = XCBuildConfiguration;
			buildSettings = {
				ALWAYS_EMBED_SWIFT_STANDARD_LIBRARIES = YES;
				CODE_SIGN_STYLE = Automatic;
				CURRENT_PROJECT_VERSION = 1;
				DEVELOPMENT_TEAM = PJPD95M4QP;
				GENERATE_INFOPLIST_FILE = YES;
				IPHONEOS_DEPLOYMENT_TARGET = 15.2;
				MARKETING_VERSION = 1.0;
				PRODUCT_BUNDLE_IDENTIFIER = "io.marvinLin.Tests-iOS";
				PRODUCT_NAME = "$(TARGET_NAME)";
				SDKROOT = iphoneos;
				SWIFT_EMIT_LOC_STRINGS = NO;
				SWIFT_VERSION = 5.0;
				TARGETED_DEVICE_FAMILY = "1,2";
				TEST_TARGET_NAME = "BackwardsClock (iOS)";
			};
			name = Debug;
		};
		9B42514128426E5D006D908C /* Release */ = {
			isa = XCBuildConfiguration;
			buildSettings = {
				ALWAYS_EMBED_SWIFT_STANDARD_LIBRARIES = YES;
				CODE_SIGN_STYLE = Automatic;
				CURRENT_PROJECT_VERSION = 1;
				DEVELOPMENT_TEAM = PJPD95M4QP;
				GENERATE_INFOPLIST_FILE = YES;
				IPHONEOS_DEPLOYMENT_TARGET = 15.2;
				MARKETING_VERSION = 1.0;
				PRODUCT_BUNDLE_IDENTIFIER = "io.marvinLin.Tests-iOS";
				PRODUCT_NAME = "$(TARGET_NAME)";
				SDKROOT = iphoneos;
				SWIFT_EMIT_LOC_STRINGS = NO;
				SWIFT_VERSION = 5.0;
				TARGETED_DEVICE_FAMILY = "1,2";
				TEST_TARGET_NAME = "BackwardsClock (iOS)";
				VALIDATE_PRODUCT = YES;
			};
			name = Release;
		};
		9B42514328426E5D006D908C /* Debug */ = {
			isa = XCBuildConfiguration;
			buildSettings = {
				ALWAYS_EMBED_SWIFT_STANDARD_LIBRARIES = YES;
				CODE_SIGN_STYLE = Automatic;
				CURRENT_PROJECT_VERSION = 1;
				DEVELOPMENT_TEAM = PJPD95M4QP;
				GENERATE_INFOPLIST_FILE = YES;
				MACOSX_DEPLOYMENT_TARGET = 11.3;
				MARKETING_VERSION = 1.0;
				PRODUCT_BUNDLE_IDENTIFIER = "io.marvinLin.Tests-macOS";
				PRODUCT_NAME = "$(TARGET_NAME)";
				SDKROOT = macosx;
				SWIFT_EMIT_LOC_STRINGS = NO;
				SWIFT_VERSION = 5.0;
				TEST_TARGET_NAME = "BackwardsClock (macOS)";
			};
			name = Debug;
		};
		9B42514428426E5D006D908C /* Release */ = {
			isa = XCBuildConfiguration;
			buildSettings = {
				ALWAYS_EMBED_SWIFT_STANDARD_LIBRARIES = YES;
				CODE_SIGN_STYLE = Automatic;
				CURRENT_PROJECT_VERSION = 1;
				DEVELOPMENT_TEAM = PJPD95M4QP;
				GENERATE_INFOPLIST_FILE = YES;
				MACOSX_DEPLOYMENT_TARGET = 11.3;
				MARKETING_VERSION = 1.0;
				PRODUCT_BUNDLE_IDENTIFIER = "io.marvinLin.Tests-macOS";
				PRODUCT_NAME = "$(TARGET_NAME)";
				SDKROOT = macosx;
				SWIFT_EMIT_LOC_STRINGS = NO;
				SWIFT_VERSION = 5.0;
				TEST_TARGET_NAME = "BackwardsClock (macOS)";
			};
			name = Release;
		};
/* End XCBuildConfiguration section */

/* Begin XCConfigurationList section */
		9B3C35102871E481009D0DB7 /* Build configuration list for PBXNativeTarget "CounterClockQuoteExtension" */ = {
			isa = XCConfigurationList;
			buildConfigurations = (
				9B3C35112871E481009D0DB7 /* Debug */,
				9B3C35122871E481009D0DB7 /* Release */,
			);
			defaultConfigurationIsVisible = 0;
			defaultConfigurationName = Release;
		};
		9B42510728426E5C006D908C /* Build configuration list for PBXProject "BackwardsClock" */ = {
			isa = XCConfigurationList;
			buildConfigurations = (
				9B42513728426E5D006D908C /* Debug */,
				9B42513828426E5D006D908C /* Release */,
			);
			defaultConfigurationIsVisible = 0;
			defaultConfigurationName = Release;
		};
		9B42513928426E5D006D908C /* Build configuration list for PBXNativeTarget "BackwardsClock (iOS)" */ = {
			isa = XCConfigurationList;
			buildConfigurations = (
				9B42513A28426E5D006D908C /* Debug */,
				9B42513B28426E5D006D908C /* Release */,
			);
			defaultConfigurationIsVisible = 0;
			defaultConfigurationName = Release;
		};
		9B42513C28426E5D006D908C /* Build configuration list for PBXNativeTarget "BackwardsClock (macOS)" */ = {
			isa = XCConfigurationList;
			buildConfigurations = (
				9B42513D28426E5D006D908C /* Debug */,
				9B42513E28426E5D006D908C /* Release */,
			);
			defaultConfigurationIsVisible = 0;
			defaultConfigurationName = Release;
		};
		9B42513F28426E5D006D908C /* Build configuration list for PBXNativeTarget "Tests iOS" */ = {
			isa = XCConfigurationList;
			buildConfigurations = (
				9B42514028426E5D006D908C /* Debug */,
				9B42514128426E5D006D908C /* Release */,
			);
			defaultConfigurationIsVisible = 0;
			defaultConfigurationName = Release;
		};
		9B42514228426E5D006D908C /* Build configuration list for PBXNativeTarget "Tests macOS" */ = {
			isa = XCConfigurationList;
			buildConfigurations = (
				9B42514328426E5D006D908C /* Debug */,
				9B42514428426E5D006D908C /* Release */,
			);
			defaultConfigurationIsVisible = 0;
			defaultConfigurationName = Release;
		};
/* End XCConfigurationList section */

/* Begin XCRemoteSwiftPackageReference section */
		9B3A7D472875DA6F00095441 /* XCRemoteSwiftPackageReference "KeychainAccess" */ = {
			isa = XCRemoteSwiftPackageReference;
			repositoryURL = "https://github.com/kishikawakatsumi/KeychainAccess.git";
			requirement = {
				branch = master;
				kind = branch;
			};
		};
		9BAAAF232873F0790015CC65 /* XCRemoteSwiftPackageReference "firebase-ios-sdk" */ = {
			isa = XCRemoteSwiftPackageReference;
			repositoryURL = "https://github.com/firebase/firebase-ios-sdk";
			requirement = {
				branch = master;
				kind = branch;
			};
		};
/* End XCRemoteSwiftPackageReference section */

/* Begin XCSwiftPackageProductDependency section */
		9B3A7D482875DA6F00095441 /* KeychainAccess */ = {
			isa = XCSwiftPackageProductDependency;
			package = 9B3A7D472875DA6F00095441 /* XCRemoteSwiftPackageReference "KeychainAccess" */;
			productName = KeychainAccess;
		};
		9BAAAF262873F0790015CC65 /* FirebaseCrashlytics */ = {
			isa = XCSwiftPackageProductDependency;
			package = 9BAAAF232873F0790015CC65 /* XCRemoteSwiftPackageReference "firebase-ios-sdk" */;
			productName = FirebaseCrashlytics;
		};
		9BAAAF282873F0790015CC65 /* FirebaseMessaging */ = {
			isa = XCSwiftPackageProductDependency;
			package = 9BAAAF232873F0790015CC65 /* XCRemoteSwiftPackageReference "firebase-ios-sdk" */;
			productName = FirebaseMessaging;
		};
		9BAAAF2C287414A80015CC65 /* FirebaseAnalyticsWithoutAdIdSupport */ = {
			isa = XCSwiftPackageProductDependency;
			package = 9BAAAF232873F0790015CC65 /* XCRemoteSwiftPackageReference "firebase-ios-sdk" */;
			productName = FirebaseAnalyticsWithoutAdIdSupport;
		};
		9BAAAF35287495880015CC65 /* FirebaseRemoteConfig */ = {
			isa = XCSwiftPackageProductDependency;
			package = 9BAAAF232873F0790015CC65 /* XCRemoteSwiftPackageReference "firebase-ios-sdk" */;
			productName = FirebaseRemoteConfig;
		};
/* End XCSwiftPackageProductDependency section */
	};
	rootObject = 9B42510428426E5C006D908C /* Project object */;
}
