// !$*UTF8*$!
{
	archiveVersion = 1;
	classes = {
	};
	objectVersion = 55;
	objects = {

/* Begin PBXBuildFile section */
		9B42512228426E5D006D908C /* Tests_iOS.swift in Sources */ = {isa = PBXBuildFile; fileRef = 9B42512128426E5D006D908C /* Tests_iOS.swift */; };
		9B42512428426E5D006D908C /* Tests_iOSLaunchTests.swift in Sources */ = {isa = PBXBuildFile; fileRef = 9B42512328426E5D006D908C /* Tests_iOSLaunchTests.swift */; };
		9B42512E28426E5D006D908C /* Tests_macOS.swift in Sources */ = {isa = PBXBuildFile; fileRef = 9B42512D28426E5D006D908C /* Tests_macOS.swift */; };
		9B42513028426E5D006D908C /* Tests_macOSLaunchTests.swift in Sources */ = {isa = PBXBuildFile; fileRef = 9B42512F28426E5D006D908C /* Tests_macOSLaunchTests.swift */; };
		9B42513128426E5D006D908C /* BackwardsClockApp.swift in Sources */ = {isa = PBXBuildFile; fileRef = 9B42510928426E5C006D908C /* BackwardsClockApp.swift */; };
		9B42513228426E5D006D908C /* BackwardsClockApp.swift in Sources */ = {isa = PBXBuildFile; fileRef = 9B42510928426E5C006D908C /* BackwardsClockApp.swift */; };
		9B42513528426E5D006D908C /* Assets.xcassets in Resources */ = {isa = PBXBuildFile; fileRef = 9B42510B28426E5D006D908C /* Assets.xcassets */; };
		9B42513628426E5D006D908C /* Assets.xcassets in Resources */ = {isa = PBXBuildFile; fileRef = 9B42510B28426E5D006D908C /* Assets.xcassets */; };
		9B4251472842705A006D908C /* ClockContainerView.swift in Sources */ = {isa = PBXBuildFile; fileRef = 9B4251462842705A006D908C /* ClockContainerView.swift */; };
		9B4251482842705A006D908C /* ClockContainerView.swift in Sources */ = {isa = PBXBuildFile; fileRef = 9B4251462842705A006D908C /* ClockContainerView.swift */; };
		9B42514A28431768006D908C /* SecondHandView.swift in Sources */ = {isa = PBXBuildFile; fileRef = 9B42514928431768006D908C /* SecondHandView.swift */; };
		9B42514B28431768006D908C /* SecondHandView.swift in Sources */ = {isa = PBXBuildFile; fileRef = 9B42514928431768006D908C /* SecondHandView.swift */; };
		9B42514E28431997006D908C /* BCColor.swift in Sources */ = {isa = PBXBuildFile; fileRef = 9B42514D28431997006D908C /* BCColor.swift */; };
		9B42514F28431997006D908C /* BCColor.swift in Sources */ = {isa = PBXBuildFile; fileRef = 9B42514D28431997006D908C /* BCColor.swift */; };
		9B4251542843245A006D908C /* HandShape.swift in Sources */ = {isa = PBXBuildFile; fileRef = 9B4251532843245A006D908C /* HandShape.swift */; };
		9B4251552843245A006D908C /* HandShape.swift in Sources */ = {isa = PBXBuildFile; fileRef = 9B4251532843245A006D908C /* HandShape.swift */; };
/* End PBXBuildFile section */

/* Begin PBXContainerItemProxy section */
		9B42511E28426E5D006D908C /* PBXContainerItemProxy */ = {
			isa = PBXContainerItemProxy;
			containerPortal = 9B42510428426E5C006D908C /* Project object */;
			proxyType = 1;
			remoteGlobalIDString = 9B42510F28426E5D006D908C;
			remoteInfo = "BackwardsClock (iOS)";
		};
		9B42512A28426E5D006D908C /* PBXContainerItemProxy */ = {
			isa = PBXContainerItemProxy;
			containerPortal = 9B42510428426E5C006D908C /* Project object */;
			proxyType = 1;
			remoteGlobalIDString = 9B42511528426E5D006D908C;
			remoteInfo = "BackwardsClock (macOS)";
		};
/* End PBXContainerItemProxy section */

/* Begin PBXFileReference section */
		9B42510928426E5C006D908C /* BackwardsClockApp.swift */ = {isa = PBXFileReference; lastKnownFileType = sourcecode.swift; path = BackwardsClockApp.swift; sourceTree = "<group>"; };
		9B42510B28426E5D006D908C /* Assets.xcassets */ = {isa = PBXFileReference; lastKnownFileType = folder.assetcatalog; path = Assets.xcassets; sourceTree = "<group>"; };
		9B42511028426E5D006D908C /* BackwardsClock.app */ = {isa = PBXFileReference; explicitFileType = wrapper.application; includeInIndex = 0; path = BackwardsClock.app; sourceTree = BUILT_PRODUCTS_DIR; };
		9B42511628426E5D006D908C /* BackwardsClock.app */ = {isa = PBXFileReference; explicitFileType = wrapper.application; includeInIndex = 0; path = BackwardsClock.app; sourceTree = BUILT_PRODUCTS_DIR; };
		9B42511828426E5D006D908C /* macOS.entitlements */ = {isa = PBXFileReference; lastKnownFileType = text.plist.entitlements; path = macOS.entitlements; sourceTree = "<group>"; };
		9B42511D28426E5D006D908C /* Tests iOS.xctest */ = {isa = PBXFileReference; explicitFileType = wrapper.cfbundle; includeInIndex = 0; path = "Tests iOS.xctest"; sourceTree = BUILT_PRODUCTS_DIR; };
		9B42512128426E5D006D908C /* Tests_iOS.swift */ = {isa = PBXFileReference; lastKnownFileType = sourcecode.swift; path = Tests_iOS.swift; sourceTree = "<group>"; };
		9B42512328426E5D006D908C /* Tests_iOSLaunchTests.swift */ = {isa = PBXFileReference; lastKnownFileType = sourcecode.swift; path = Tests_iOSLaunchTests.swift; sourceTree = "<group>"; };
		9B42512928426E5D006D908C /* Tests macOS.xctest */ = {isa = PBXFileReference; explicitFileType = wrapper.cfbundle; includeInIndex = 0; path = "Tests macOS.xctest"; sourceTree = BUILT_PRODUCTS_DIR; };
		9B42512D28426E5D006D908C /* Tests_macOS.swift */ = {isa = PBXFileReference; lastKnownFileType = sourcecode.swift; path = Tests_macOS.swift; sourceTree = "<group>"; };
		9B42512F28426E5D006D908C /* Tests_macOSLaunchTests.swift */ = {isa = PBXFileReference; lastKnownFileType = sourcecode.swift; path = Tests_macOSLaunchTests.swift; sourceTree = "<group>"; };
		9B4251462842705A006D908C /* ClockContainerView.swift */ = {isa = PBXFileReference; lastKnownFileType = sourcecode.swift; path = ClockContainerView.swift; sourceTree = "<group>"; };
		9B42514928431768006D908C /* SecondHandView.swift */ = {isa = PBXFileReference; lastKnownFileType = sourcecode.swift; path = SecondHandView.swift; sourceTree = "<group>"; };
		9B42514D28431997006D908C /* BCColor.swift */ = {isa = PBXFileReference; lastKnownFileType = sourcecode.swift; path = BCColor.swift; sourceTree = "<group>"; };
		9B4251532843245A006D908C /* HandShape.swift */ = {isa = PBXFileReference; lastKnownFileType = sourcecode.swift; path = HandShape.swift; sourceTree = "<group>"; };
/* End PBXFileReference section */

/* Begin PBXFrameworksBuildPhase section */
		9B42510D28426E5D006D908C /* Frameworks */ = {
			isa = PBXFrameworksBuildPhase;
			buildActionMask = 2147483647;
			files = (
			);
			runOnlyForDeploymentPostprocessing = 0;
		};
		9B42511328426E5D006D908C /* Frameworks */ = {
			isa = PBXFrameworksBuildPhase;
			buildActionMask = 2147483647;
			files = (
			);
			runOnlyForDeploymentPostprocessing = 0;
		};
		9B42511A28426E5D006D908C /* Frameworks */ = {
			isa = PBXFrameworksBuildPhase;
			buildActionMask = 2147483647;
			files = (
			);
			runOnlyForDeploymentPostprocessing = 0;
		};
		9B42512628426E5D006D908C /* Frameworks */ = {
			isa = PBXFrameworksBuildPhase;
			buildActionMask = 2147483647;
			files = (
			);
			runOnlyForDeploymentPostprocessing = 0;
		};
/* End PBXFrameworksBuildPhase section */

/* Begin PBXGroup section */
		9B42510328426E5C006D908C = {
			isa = PBXGroup;
			children = (
				9B42510828426E5C006D908C /* Shared */,
				9B42511728426E5D006D908C /* macOS */,
				9B42512028426E5D006D908C /* Tests iOS */,
				9B42512C28426E5D006D908C /* Tests macOS */,
				9B42511128426E5D006D908C /* Products */,
			);
			sourceTree = "<group>";
		};
		9B42510828426E5C006D908C /* Shared */ = {
			isa = PBXGroup;
			children = (
				9B42510928426E5C006D908C /* BackwardsClockApp.swift */,
				9B42514C28431989006D908C /* Style */,
				9B42514528427032006D908C /* Views */,
				9B42510B28426E5D006D908C /* Assets.xcassets */,
			);
			path = Shared;
			sourceTree = "<group>";
		};
		9B42511128426E5D006D908C /* Products */ = {
			isa = PBXGroup;
			children = (
				9B42511028426E5D006D908C /* BackwardsClock.app */,
				9B42511628426E5D006D908C /* BackwardsClock.app */,
				9B42511D28426E5D006D908C /* Tests iOS.xctest */,
				9B42512928426E5D006D908C /* Tests macOS.xctest */,
			);
			name = Products;
			sourceTree = "<group>";
		};
		9B42511728426E5D006D908C /* macOS */ = {
			isa = PBXGroup;
			children = (
				9B42511828426E5D006D908C /* macOS.entitlements */,
			);
			path = macOS;
			sourceTree = "<group>";
		};
		9B42512028426E5D006D908C /* Tests iOS */ = {
			isa = PBXGroup;
			children = (
				9B42512128426E5D006D908C /* Tests_iOS.swift */,
				9B42512328426E5D006D908C /* Tests_iOSLaunchTests.swift */,
			);
			path = "Tests iOS";
			sourceTree = "<group>";
		};
		9B42512C28426E5D006D908C /* Tests macOS */ = {
			isa = PBXGroup;
			children = (
				9B42512D28426E5D006D908C /* Tests_macOS.swift */,
				9B42512F28426E5D006D908C /* Tests_macOSLaunchTests.swift */,
			);
			path = "Tests macOS";
			sourceTree = "<group>";
		};
		9B42514528427032006D908C /* Views */ = {
			isa = PBXGroup;
			children = (
				9B4251462842705A006D908C /* ClockContainerView.swift */,
				9B42514928431768006D908C /* SecondHandView.swift */,
				9B4251532843245A006D908C /* HandShape.swift */,
			);
			path = Views;
			sourceTree = "<group>";
		};
		9B42514C28431989006D908C /* Style */ = {
			isa = PBXGroup;
			children = (
				9B42514D28431997006D908C /* BCColor.swift */,
			);
			path = Style;
			sourceTree = "<group>";
		};
/* End PBXGroup section */

/* Begin PBXNativeTarget section */
		9B42510F28426E5D006D908C /* BackwardsClock (iOS) */ = {
			isa = PBXNativeTarget;
			buildConfigurationList = 9B42513928426E5D006D908C /* Build configuration list for PBXNativeTarget "BackwardsClock (iOS)" */;
			buildPhases = (
				9B42510C28426E5D006D908C /* Sources */,
				9B42510D28426E5D006D908C /* Frameworks */,
				9B42510E28426E5D006D908C /* Resources */,
			);
			buildRules = (
			);
			dependencies = (
			);
			name = "BackwardsClock (iOS)";
			productName = "BackwardsClock (iOS)";
			productReference = 9B42511028426E5D006D908C /* BackwardsClock.app */;
			productType = "com.apple.product-type.application";
		};
		9B42511528426E5D006D908C /* BackwardsClock (macOS) */ = {
			isa = PBXNativeTarget;
			buildConfigurationList = 9B42513C28426E5D006D908C /* Build configuration list for PBXNativeTarget "BackwardsClock (macOS)" */;
			buildPhases = (
				9B42511228426E5D006D908C /* Sources */,
				9B42511328426E5D006D908C /* Frameworks */,
				9B42511428426E5D006D908C /* Resources */,
			);
			buildRules = (
			);
			dependencies = (
			);
			name = "BackwardsClock (macOS)";
			productName = "BackwardsClock (macOS)";
			productReference = 9B42511628426E5D006D908C /* BackwardsClock.app */;
			productType = "com.apple.product-type.application";
		};
		9B42511C28426E5D006D908C /* Tests iOS */ = {
			isa = PBXNativeTarget;
			buildConfigurationList = 9B42513F28426E5D006D908C /* Build configuration list for PBXNativeTarget "Tests iOS" */;
			buildPhases = (
				9B42511928426E5D006D908C /* Sources */,
				9B42511A28426E5D006D908C /* Frameworks */,
				9B42511B28426E5D006D908C /* Resources */,
			);
			buildRules = (
			);
			dependencies = (
				9B42511F28426E5D006D908C /* PBXTargetDependency */,
			);
			name = "Tests iOS";
			productName = "Tests iOS";
			productReference = 9B42511D28426E5D006D908C /* Tests iOS.xctest */;
			productType = "com.apple.product-type.bundle.ui-testing";
		};
		9B42512828426E5D006D908C /* Tests macOS */ = {
			isa = PBXNativeTarget;
			buildConfigurationList = 9B42514228426E5D006D908C /* Build configuration list for PBXNativeTarget "Tests macOS" */;
			buildPhases = (
				9B42512528426E5D006D908C /* Sources */,
				9B42512628426E5D006D908C /* Frameworks */,
				9B42512728426E5D006D908C /* Resources */,
			);
			buildRules = (
			);
			dependencies = (
				9B42512B28426E5D006D908C /* PBXTargetDependency */,
			);
			name = "Tests macOS";
			productName = "Tests macOS";
			productReference = 9B42512928426E5D006D908C /* Tests macOS.xctest */;
			productType = "com.apple.product-type.bundle.ui-testing";
		};
/* End PBXNativeTarget section */

/* Begin PBXProject section */
		9B42510428426E5C006D908C /* Project object */ = {
			isa = PBXProject;
			attributes = {
				BuildIndependentTargetsInParallel = 1;
				LastSwiftUpdateCheck = 1320;
				LastUpgradeCheck = 1320;
				TargetAttributes = {
					9B42510F28426E5D006D908C = {
						CreatedOnToolsVersion = 13.2.1;
					};
					9B42511528426E5D006D908C = {
						CreatedOnToolsVersion = 13.2.1;
					};
					9B42511C28426E5D006D908C = {
						CreatedOnToolsVersion = 13.2.1;
						TestTargetID = 9B42510F28426E5D006D908C;
					};
					9B42512828426E5D006D908C = {
						CreatedOnToolsVersion = 13.2.1;
						TestTargetID = 9B42511528426E5D006D908C;
					};
				};
			};
			buildConfigurationList = 9B42510728426E5C006D908C /* Build configuration list for PBXProject "BackwardsClock" */;
			compatibilityVersion = "Xcode 13.0";
			developmentRegion = en;
			hasScannedForEncodings = 0;
			knownRegions = (
				en,
				Base,
			);
			mainGroup = 9B42510328426E5C006D908C;
			productRefGroup = 9B42511128426E5D006D908C /* Products */;
			projectDirPath = "";
			projectRoot = "";
			targets = (
				9B42510F28426E5D006D908C /* BackwardsClock (iOS) */,
				9B42511528426E5D006D908C /* BackwardsClock (macOS) */,
				9B42511C28426E5D006D908C /* Tests iOS */,
				9B42512828426E5D006D908C /* Tests macOS */,
			);
		};
/* End PBXProject section */

/* Begin PBXResourcesBuildPhase section */
		9B42510E28426E5D006D908C /* Resources */ = {
			isa = PBXResourcesBuildPhase;
			buildActionMask = 2147483647;
			files = (
				9B42513528426E5D006D908C /* Assets.xcassets in Resources */,
			);
			runOnlyForDeploymentPostprocessing = 0;
		};
		9B42511428426E5D006D908C /* Resources */ = {
			isa = PBXResourcesBuildPhase;
			buildActionMask = 2147483647;
			files = (
				9B42513628426E5D006D908C /* Assets.xcassets in Resources */,
			);
			runOnlyForDeploymentPostprocessing = 0;
		};
		9B42511B28426E5D006D908C /* Resources */ = {
			isa = PBXResourcesBuildPhase;
			buildActionMask = 2147483647;
			files = (
			);
			runOnlyForDeploymentPostprocessing = 0;
		};
		9B42512728426E5D006D908C /* Resources */ = {
			isa = PBXResourcesBuildPhase;
			buildActionMask = 2147483647;
			files = (
			);
			runOnlyForDeploymentPostprocessing = 0;
		};
/* End PBXResourcesBuildPhase section */

/* Begin PBXSourcesBuildPhase section */
		9B42510C28426E5D006D908C /* Sources */ = {
			isa = PBXSourcesBuildPhase;
			buildActionMask = 2147483647;
			files = (
				9B4251542843245A006D908C /* HandShape.swift in Sources */,
				9B42514E28431997006D908C /* BCColor.swift in Sources */,
				9B42513128426E5D006D908C /* BackwardsClockApp.swift in Sources */,
				9B42514A28431768006D908C /* SecondHandView.swift in Sources */,
				9B4251472842705A006D908C /* ClockContainerView.swift in Sources */,
			);
			runOnlyForDeploymentPostprocessing = 0;
		};
		9B42511228426E5D006D908C /* Sources */ = {
			isa = PBXSourcesBuildPhase;
			buildActionMask = 2147483647;
			files = (
				9B4251552843245A006D908C /* HandShape.swift in Sources */,
				9B42514F28431997006D908C /* BCColor.swift in Sources */,
				9B42513228426E5D006D908C /* BackwardsClockApp.swift in Sources */,
				9B42514B28431768006D908C /* SecondHandView.swift in Sources */,
				9B4251482842705A006D908C /* ClockContainerView.swift in Sources */,
			);
			runOnlyForDeploymentPostprocessing = 0;
		};
		9B42511928426E5D006D908C /* Sources */ = {
			isa = PBXSourcesBuildPhase;
			buildActionMask = 2147483647;
			files = (
				9B42512428426E5D006D908C /* Tests_iOSLaunchTests.swift in Sources */,
				9B42512228426E5D006D908C /* Tests_iOS.swift in Sources */,
			);
			runOnlyForDeploymentPostprocessing = 0;
		};
		9B42512528426E5D006D908C /* Sources */ = {
			isa = PBXSourcesBuildPhase;
			buildActionMask = 2147483647;
			files = (
				9B42513028426E5D006D908C /* Tests_macOSLaunchTests.swift in Sources */,
				9B42512E28426E5D006D908C /* Tests_macOS.swift in Sources */,
			);
			runOnlyForDeploymentPostprocessing = 0;
		};
/* End PBXSourcesBuildPhase section */

/* Begin PBXTargetDependency section */
		9B42511F28426E5D006D908C /* PBXTargetDependency */ = {
			isa = PBXTargetDependency;
			target = 9B42510F28426E5D006D908C /* BackwardsClock (iOS) */;
			targetProxy = 9B42511E28426E5D006D908C /* PBXContainerItemProxy */;
		};
		9B42512B28426E5D006D908C /* PBXTargetDependency */ = {
			isa = PBXTargetDependency;
			target = 9B42511528426E5D006D908C /* BackwardsClock (macOS) */;
			targetProxy = 9B42512A28426E5D006D908C /* PBXContainerItemProxy */;
		};
/* End PBXTargetDependency section */

/* Begin XCBuildConfiguration section */
		9B42513728426E5D006D908C /* Debug */ = {
			isa = XCBuildConfiguration;
			buildSettings = {
				ALWAYS_SEARCH_USER_PATHS = NO;
				CLANG_ANALYZER_NONNULL = YES;
				CLANG_ANALYZER_NUMBER_OBJECT_CONVERSION = YES_AGGRESSIVE;
				CLANG_CXX_LANGUAGE_STANDARD = "gnu++17";
				CLANG_CXX_LIBRARY = "libc++";
				CLANG_ENABLE_MODULES = YES;
				CLANG_ENABLE_OBJC_ARC = YES;
				CLANG_ENABLE_OBJC_WEAK = YES;
				CLANG_WARN_BLOCK_CAPTURE_AUTORELEASING = YES;
				CLANG_WARN_BOOL_CONVERSION = YES;
				CLANG_WARN_COMMA = YES;
				CLANG_WARN_CONSTANT_CONVERSION = YES;
				CLANG_WARN_DEPRECATED_OBJC_IMPLEMENTATIONS = YES;
				CLANG_WARN_DIRECT_OBJC_ISA_USAGE = YES_ERROR;
				CLANG_WARN_DOCUMENTATION_COMMENTS = YES;
				CLANG_WARN_EMPTY_BODY = YES;
				CLANG_WARN_ENUM_CONVERSION = YES;
				CLANG_WARN_INFINITE_RECURSION = YES;
				CLANG_WARN_INT_CONVERSION = YES;
				CLANG_WARN_NON_LITERAL_NULL_CONVERSION = YES;
				CLANG_WARN_OBJC_IMPLICIT_RETAIN_SELF = YES;
				CLANG_WARN_OBJC_LITERAL_CONVERSION = YES;
				CLANG_WARN_OBJC_ROOT_CLASS = YES_ERROR;
				CLANG_WARN_QUOTED_INCLUDE_IN_FRAMEWORK_HEADER = YES;
				CLANG_WARN_RANGE_LOOP_ANALYSIS = YES;
				CLANG_WARN_STRICT_PROTOTYPES = YES;
				CLANG_WARN_SUSPICIOUS_MOVE = YES;
				CLANG_WARN_UNGUARDED_AVAILABILITY = YES_AGGRESSIVE;
				CLANG_WARN_UNREACHABLE_CODE = YES;
				CLANG_WARN__DUPLICATE_METHOD_MATCH = YES;
				COPY_PHASE_STRIP = NO;
				DEBUG_INFORMATION_FORMAT = dwarf;
				ENABLE_STRICT_OBJC_MSGSEND = YES;
				ENABLE_TESTABILITY = YES;
				GCC_C_LANGUAGE_STANDARD = gnu11;
				GCC_DYNAMIC_NO_PIC = NO;
				GCC_NO_COMMON_BLOCKS = YES;
				GCC_OPTIMIZATION_LEVEL = 0;
				GCC_PREPROCESSOR_DEFINITIONS = (
					"DEBUG=1",
					"$(inherited)",
				);
				GCC_WARN_64_TO_32_BIT_CONVERSION = YES;
				GCC_WARN_ABOUT_RETURN_TYPE = YES_ERROR;
				GCC_WARN_UNDECLARED_SELECTOR = YES;
				GCC_WARN_UNINITIALIZED_AUTOS = YES_AGGRESSIVE;
				GCC_WARN_UNUSED_FUNCTION = YES;
				GCC_WARN_UNUSED_VARIABLE = YES;
				MTL_ENABLE_DEBUG_INFO = INCLUDE_SOURCE;
				MTL_FAST_MATH = YES;
				ONLY_ACTIVE_ARCH = YES;
				SWIFT_ACTIVE_COMPILATION_CONDITIONS = DEBUG;
				SWIFT_OPTIMIZATION_LEVEL = "-Onone";
			};
			name = Debug;
		};
		9B42513828426E5D006D908C /* Release */ = {
			isa = XCBuildConfiguration;
			buildSettings = {
				ALWAYS_SEARCH_USER_PATHS = NO;
				CLANG_ANALYZER_NONNULL = YES;
				CLANG_ANALYZER_NUMBER_OBJECT_CONVERSION = YES_AGGRESSIVE;
				CLANG_CXX_LANGUAGE_STANDARD = "gnu++17";
				CLANG_CXX_LIBRARY = "libc++";
				CLANG_ENABLE_MODULES = YES;
				CLANG_ENABLE_OBJC_ARC = YES;
				CLANG_ENABLE_OBJC_WEAK = YES;
				CLANG_WARN_BLOCK_CAPTURE_AUTORELEASING = YES;
				CLANG_WARN_BOOL_CONVERSION = YES;
				CLANG_WARN_COMMA = YES;
				CLANG_WARN_CONSTANT_CONVERSION = YES;
				CLANG_WARN_DEPRECATED_OBJC_IMPLEMENTATIONS = YES;
				CLANG_WARN_DIRECT_OBJC_ISA_USAGE = YES_ERROR;
				CLANG_WARN_DOCUMENTATION_COMMENTS = YES;
				CLANG_WARN_EMPTY_BODY = YES;
				CLANG_WARN_ENUM_CONVERSION = YES;
				CLANG_WARN_INFINITE_RECURSION = YES;
				CLANG_WARN_INT_CONVERSION = YES;
				CLANG_WARN_NON_LITERAL_NULL_CONVERSION = YES;
				CLANG_WARN_OBJC_IMPLICIT_RETAIN_SELF = YES;
				CLANG_WARN_OBJC_LITERAL_CONVERSION = YES;
				CLANG_WARN_OBJC_ROOT_CLASS = YES_ERROR;
				CLANG_WARN_QUOTED_INCLUDE_IN_FRAMEWORK_HEADER = YES;
				CLANG_WARN_RANGE_LOOP_ANALYSIS = YES;
				CLANG_WARN_STRICT_PROTOTYPES = YES;
				CLANG_WARN_SUSPICIOUS_MOVE = YES;
				CLANG_WARN_UNGUARDED_AVAILABILITY = YES_AGGRESSIVE;
				CLANG_WARN_UNREACHABLE_CODE = YES;
				CLANG_WARN__DUPLICATE_METHOD_MATCH = YES;
				COPY_PHASE_STRIP = NO;
				DEBUG_INFORMATION_FORMAT = "dwarf-with-dsym";
				ENABLE_NS_ASSERTIONS = NO;
				ENABLE_STRICT_OBJC_MSGSEND = YES;
				GCC_C_LANGUAGE_STANDARD = gnu11;
				GCC_NO_COMMON_BLOCKS = YES;
				GCC_WARN_64_TO_32_BIT_CONVERSION = YES;
				GCC_WARN_ABOUT_RETURN_TYPE = YES_ERROR;
				GCC_WARN_UNDECLARED_SELECTOR = YES;
				GCC_WARN_UNINITIALIZED_AUTOS = YES_AGGRESSIVE;
				GCC_WARN_UNUSED_FUNCTION = YES;
				GCC_WARN_UNUSED_VARIABLE = YES;
				MTL_ENABLE_DEBUG_INFO = NO;
				MTL_FAST_MATH = YES;
				SWIFT_COMPILATION_MODE = wholemodule;
				SWIFT_OPTIMIZATION_LEVEL = "-O";
			};
			name = Release;
		};
		9B42513A28426E5D006D908C /* Debug */ = {
			isa = XCBuildConfiguration;
			buildSettings = {
				ASSETCATALOG_COMPILER_APPICON_NAME = AppIcon;
				ASSETCATALOG_COMPILER_GLOBAL_ACCENT_COLOR_NAME = AccentColor;
				CODE_SIGN_STYLE = Automatic;
				CURRENT_PROJECT_VERSION = 1;
				DEVELOPMENT_TEAM = PJPD95M4QP;
				ENABLE_PREVIEWS = YES;
				GENERATE_INFOPLIST_FILE = YES;
				INFOPLIST_KEY_UIApplicationSceneManifest_Generation = YES;
				INFOPLIST_KEY_UIApplicationSupportsIndirectInputEvents = YES;
				INFOPLIST_KEY_UILaunchScreen_Generation = YES;
				INFOPLIST_KEY_UISupportedInterfaceOrientations_iPad = "UIInterfaceOrientationPortrait UIInterfaceOrientationPortraitUpsideDown UIInterfaceOrientationLandscapeLeft UIInterfaceOrientationLandscapeRight";
				INFOPLIST_KEY_UISupportedInterfaceOrientations_iPhone = "UIInterfaceOrientationPortrait UIInterfaceOrientationLandscapeLeft UIInterfaceOrientationLandscapeRight";
				IPHONEOS_DEPLOYMENT_TARGET = 15.0;
				LD_RUNPATH_SEARCH_PATHS = (
					"$(inherited)",
					"@executable_path/Frameworks",
				);
				MARKETING_VERSION = 1.0;
				PRODUCT_BUNDLE_IDENTIFIER = io.marvinLin.BackwardsClock;
				PRODUCT_NAME = BackwardsClock;
				SDKROOT = iphoneos;
				SWIFT_EMIT_LOC_STRINGS = YES;
				SWIFT_VERSION = 5.0;
				TARGETED_DEVICE_FAMILY = "1,2";
			};
			name = Debug;
		};
		9B42513B28426E5D006D908C /* Release */ = {
			isa = XCBuildConfiguration;
			buildSettings = {
				ASSETCATALOG_COMPILER_APPICON_NAME = AppIcon;
				ASSETCATALOG_COMPILER_GLOBAL_ACCENT_COLOR_NAME = AccentColor;
				CODE_SIGN_STYLE = Automatic;
				CURRENT_PROJECT_VERSION = 1;
				DEVELOPMENT_TEAM = PJPD95M4QP;
				ENABLE_PREVIEWS = YES;
				GENERATE_INFOPLIST_FILE = YES;
				INFOPLIST_KEY_UIApplicationSceneManifest_Generation = YES;
				INFOPLIST_KEY_UIApplicationSupportsIndirectInputEvents = YES;
				INFOPLIST_KEY_UILaunchScreen_Generation = YES;
				INFOPLIST_KEY_UISupportedInterfaceOrientations_iPad = "UIInterfaceOrientationPortrait UIInterfaceOrientationPortraitUpsideDown UIInterfaceOrientationLandscapeLeft UIInterfaceOrientationLandscapeRight";
				INFOPLIST_KEY_UISupportedInterfaceOrientations_iPhone = "UIInterfaceOrientationPortrait UIInterfaceOrientationLandscapeLeft UIInterfaceOrientationLandscapeRight";
				IPHONEOS_DEPLOYMENT_TARGET = 15.0;
				LD_RUNPATH_SEARCH_PATHS = (
					"$(inherited)",
					"@executable_path/Frameworks",
				);
				MARKETING_VERSION = 1.0;
				PRODUCT_BUNDLE_IDENTIFIER = io.marvinLin.BackwardsClock;
				PRODUCT_NAME = BackwardsClock;
				SDKROOT = iphoneos;
				SWIFT_EMIT_LOC_STRINGS = YES;
				SWIFT_VERSION = 5.0;
				TARGETED_DEVICE_FAMILY = "1,2";
				VALIDATE_PRODUCT = YES;
			};
			name = Release;
		};
		9B42513D28426E5D006D908C /* Debug */ = {
			isa = XCBuildConfiguration;
			buildSettings = {
				ASSETCATALOG_COMPILER_APPICON_NAME = AppIcon;
				ASSETCATALOG_COMPILER_GLOBAL_ACCENT_COLOR_NAME = AccentColor;
				CODE_SIGN_ENTITLEMENTS = macOS/macOS.entitlements;
				CODE_SIGN_STYLE = Automatic;
				COMBINE_HIDPI_IMAGES = YES;
				CURRENT_PROJECT_VERSION = 1;
				DEVELOPMENT_TEAM = PJPD95M4QP;
				ENABLE_HARDENED_RUNTIME = YES;
				ENABLE_PREVIEWS = YES;
				GENERATE_INFOPLIST_FILE = YES;
				INFOPLIST_KEY_NSHumanReadableCopyright = "";
				LD_RUNPATH_SEARCH_PATHS = (
					"$(inherited)",
					"@executable_path/../Frameworks",
				);
				MACOSX_DEPLOYMENT_TARGET = 11.0;
				MARKETING_VERSION = 1.0;
				PRODUCT_BUNDLE_IDENTIFIER = io.marvinLin.BackwardsClock;
				PRODUCT_NAME = BackwardsClock;
				SDKROOT = macosx;
				SWIFT_EMIT_LOC_STRINGS = YES;
				SWIFT_VERSION = 5.0;
			};
			name = Debug;
		};
		9B42513E28426E5D006D908C /* Release */ = {
			isa = XCBuildConfiguration;
			buildSettings = {
				ASSETCATALOG_COMPILER_APPICON_NAME = AppIcon;
				ASSETCATALOG_COMPILER_GLOBAL_ACCENT_COLOR_NAME = AccentColor;
				CODE_SIGN_ENTITLEMENTS = macOS/macOS.entitlements;
				CODE_SIGN_STYLE = Automatic;
				COMBINE_HIDPI_IMAGES = YES;
				CURRENT_PROJECT_VERSION = 1;
				DEVELOPMENT_TEAM = PJPD95M4QP;
				ENABLE_HARDENED_RUNTIME = YES;
				ENABLE_PREVIEWS = YES;
				GENERATE_INFOPLIST_FILE = YES;
				INFOPLIST_KEY_NSHumanReadableCopyright = "";
				LD_RUNPATH_SEARCH_PATHS = (
					"$(inherited)",
					"@executable_path/../Frameworks",
				);
				MACOSX_DEPLOYMENT_TARGET = 11.0;
				MARKETING_VERSION = 1.0;
				PRODUCT_BUNDLE_IDENTIFIER = io.marvinLin.BackwardsClock;
				PRODUCT_NAME = BackwardsClock;
				SDKROOT = macosx;
				SWIFT_EMIT_LOC_STRINGS = YES;
				SWIFT_VERSION = 5.0;
			};
			name = Release;
		};
		9B42514028426E5D006D908C /* Debug */ = {
			isa = XCBuildConfiguration;
			buildSettings = {
				ALWAYS_EMBED_SWIFT_STANDARD_LIBRARIES = YES;
				CODE_SIGN_STYLE = Automatic;
				CURRENT_PROJECT_VERSION = 1;
				DEVELOPMENT_TEAM = PJPD95M4QP;
				GENERATE_INFOPLIST_FILE = YES;
				IPHONEOS_DEPLOYMENT_TARGET = 15.2;
				MARKETING_VERSION = 1.0;
				PRODUCT_BUNDLE_IDENTIFIER = "io.marvinLin.Tests-iOS";
				PRODUCT_NAME = "$(TARGET_NAME)";
				SDKROOT = iphoneos;
				SWIFT_EMIT_LOC_STRINGS = NO;
				SWIFT_VERSION = 5.0;
				TARGETED_DEVICE_FAMILY = "1,2";
				TEST_TARGET_NAME = "BackwardsClock (iOS)";
			};
			name = Debug;
		};
		9B42514128426E5D006D908C /* Release */ = {
			isa = XCBuildConfiguration;
			buildSettings = {
				ALWAYS_EMBED_SWIFT_STANDARD_LIBRARIES = YES;
				CODE_SIGN_STYLE = Automatic;
				CURRENT_PROJECT_VERSION = 1;
				DEVELOPMENT_TEAM = PJPD95M4QP;
				GENERATE_INFOPLIST_FILE = YES;
				IPHONEOS_DEPLOYMENT_TARGET = 15.2;
				MARKETING_VERSION = 1.0;
				PRODUCT_BUNDLE_IDENTIFIER = "io.marvinLin.Tests-iOS";
				PRODUCT_NAME = "$(TARGET_NAME)";
				SDKROOT = iphoneos;
				SWIFT_EMIT_LOC_STRINGS = NO;
				SWIFT_VERSION = 5.0;
				TARGETED_DEVICE_FAMILY = "1,2";
				TEST_TARGET_NAME = "BackwardsClock (iOS)";
				VALIDATE_PRODUCT = YES;
			};
			name = Release;
		};
		9B42514328426E5D006D908C /* Debug */ = {
			isa = XCBuildConfiguration;
			buildSettings = {
				ALWAYS_EMBED_SWIFT_STANDARD_LIBRARIES = YES;
				CODE_SIGN_STYLE = Automatic;
				CURRENT_PROJECT_VERSION = 1;
				DEVELOPMENT_TEAM = PJPD95M4QP;
				GENERATE_INFOPLIST_FILE = YES;
				MACOSX_DEPLOYMENT_TARGET = 11.3;
				MARKETING_VERSION = 1.0;
				PRODUCT_BUNDLE_IDENTIFIER = "io.marvinLin.Tests-macOS";
				PRODUCT_NAME = "$(TARGET_NAME)";
				SDKROOT = macosx;
				SWIFT_EMIT_LOC_STRINGS = NO;
				SWIFT_VERSION = 5.0;
				TEST_TARGET_NAME = "BackwardsClock (macOS)";
			};
			name = Debug;
		};
		9B42514428426E5D006D908C /* Release */ = {
			isa = XCBuildConfiguration;
			buildSettings = {
				ALWAYS_EMBED_SWIFT_STANDARD_LIBRARIES = YES;
				CODE_SIGN_STYLE = Automatic;
				CURRENT_PROJECT_VERSION = 1;
				DEVELOPMENT_TEAM = PJPD95M4QP;
				GENERATE_INFOPLIST_FILE = YES;
				MACOSX_DEPLOYMENT_TARGET = 11.3;
				MARKETING_VERSION = 1.0;
				PRODUCT_BUNDLE_IDENTIFIER = "io.marvinLin.Tests-macOS";
				PRODUCT_NAME = "$(TARGET_NAME)";
				SDKROOT = macosx;
				SWIFT_EMIT_LOC_STRINGS = NO;
				SWIFT_VERSION = 5.0;
				TEST_TARGET_NAME = "BackwardsClock (macOS)";
			};
			name = Release;
		};
/* End XCBuildConfiguration section */

/* Begin XCConfigurationList section */
		9B42510728426E5C006D908C /* Build configuration list for PBXProject "BackwardsClock" */ = {
			isa = XCConfigurationList;
			buildConfigurations = (
				9B42513728426E5D006D908C /* Debug */,
				9B42513828426E5D006D908C /* Release */,
			);
			defaultConfigurationIsVisible = 0;
			defaultConfigurationName = Release;
		};
		9B42513928426E5D006D908C /* Build configuration list for PBXNativeTarget "BackwardsClock (iOS)" */ = {
			isa = XCConfigurationList;
			buildConfigurations = (
				9B42513A28426E5D006D908C /* Debug */,
				9B42513B28426E5D006D908C /* Release */,
			);
			defaultConfigurationIsVisible = 0;
			defaultConfigurationName = Release;
		};
		9B42513C28426E5D006D908C /* Build configuration list for PBXNativeTarget "BackwardsClock (macOS)" */ = {
			isa = XCConfigurationList;
			buildConfigurations = (
				9B42513D28426E5D006D908C /* Debug */,
				9B42513E28426E5D006D908C /* Release */,
			);
			defaultConfigurationIsVisible = 0;
			defaultConfigurationName = Release;
		};
		9B42513F28426E5D006D908C /* Build configuration list for PBXNativeTarget "Tests iOS" */ = {
			isa = XCConfigurationList;
			buildConfigurations = (
				9B42514028426E5D006D908C /* Debug */,
				9B42514128426E5D006D908C /* Release */,
			);
			defaultConfigurationIsVisible = 0;
			defaultConfigurationName = Release;
		};
		9B42514228426E5D006D908C /* Build configuration list for PBXNativeTarget "Tests macOS" */ = {
			isa = XCConfigurationList;
			buildConfigurations = (
				9B42514328426E5D006D908C /* Debug */,
				9B42514428426E5D006D908C /* Release */,
			);
			defaultConfigurationIsVisible = 0;
			defaultConfigurationName = Release;
		};
/* End XCConfigurationList section */
	};
	rootObject = 9B42510428426E5C006D908C /* Project object */;
}
